// !$*UTF8*$!
{
	archiveVersion = 1;
	classes = {
	};
	objectVersion = 46;
	objects = {

/* Begin PBXBuildFile section */
		A5033F341E3D3DEF00D22B7D /* iPad_Icon-72.png in Resources */ = {isa = PBXBuildFile; fileRef = A5033F261E3D3DEF00D22B7D /* iPad_Icon-72.png */; };
		A5033F351E3D3DEF00D22B7D /* iPad_Icon-72@2x.png in Resources */ = {isa = PBXBuildFile; fileRef = A5033F271E3D3DEF00D22B7D /* iPad_Icon-72@2x.png */; };
		A5033F361E3D3DEF00D22B7D /* iPad_Icon-76.png in Resources */ = {isa = PBXBuildFile; fileRef = A5033F281E3D3DEF00D22B7D /* iPad_Icon-76.png */; };
		A5033F371E3D3DEF00D22B7D /* iPad_Icon-76@2x.png in Resources */ = {isa = PBXBuildFile; fileRef = A5033F291E3D3DEF00D22B7D /* iPad_Icon-76@2x.png */; };
		A5033F381E3D3DEF00D22B7D /* iPad_Icon-76@3x.png in Resources */ = {isa = PBXBuildFile; fileRef = A5033F2A1E3D3DEF00D22B7D /* iPad_Icon-76@3x.png */; };
		A5033F391E3D3DEF00D22B7D /* iPad_Icon-iPadPro@2x.png in Resources */ = {isa = PBXBuildFile; fileRef = A5033F2B1E3D3DEF00D22B7D /* iPad_Icon-iPadPro@2x.png */; };
		A5033F3A1E3D3DEF00D22B7D /* iPad_Icon-Small-50.png in Resources */ = {isa = PBXBuildFile; fileRef = A5033F2C1E3D3DEF00D22B7D /* iPad_Icon-Small-50.png */; };
		A5033F3B1E3D3DEF00D22B7D /* iPad_Icon-Small-50@2x.png in Resources */ = {isa = PBXBuildFile; fileRef = A5033F2D1E3D3DEF00D22B7D /* iPad_Icon-Small-50@2x.png */; };
		A5033F3C1E3D3DEF00D22B7D /* iPad_Icon-Small.png in Resources */ = {isa = PBXBuildFile; fileRef = A5033F2E1E3D3DEF00D22B7D /* iPad_Icon-Small.png */; };
		A5033F3D1E3D3DEF00D22B7D /* iPad_Icon-Small@2x.png in Resources */ = {isa = PBXBuildFile; fileRef = A5033F2F1E3D3DEF00D22B7D /* iPad_Icon-Small@2x.png */; };
		A5033F3E1E3D3DEF00D22B7D /* iPad_Icon-Small@3x.png in Resources */ = {isa = PBXBuildFile; fileRef = A5033F301E3D3DEF00D22B7D /* iPad_Icon-Small@3x.png */; };
		A5033F3F1E3D3DEF00D22B7D /* iPad_Icon-Spotlight-40.png in Resources */ = {isa = PBXBuildFile; fileRef = A5033F311E3D3DEF00D22B7D /* iPad_Icon-Spotlight-40.png */; };
		A5033F401E3D3DEF00D22B7D /* iPad_Icon-Spotlight-40@2x.png in Resources */ = {isa = PBXBuildFile; fileRef = A5033F321E3D3DEF00D22B7D /* iPad_Icon-Spotlight-40@2x.png */; };
		A5033F411E3D3DEF00D22B7D /* iPad_Icon-Spotlight-40@3x.png in Resources */ = {isa = PBXBuildFile; fileRef = A5033F331E3D3DEF00D22B7D /* iPad_Icon-Spotlight-40@3x.png */; };
		A505B0361D09A76900800310 /* main.m in Sources */ = {isa = PBXBuildFile; fileRef = A505B0351D09A76900800310 /* main.m */; };
		A505B0391D09A76900800310 /* AppDelegate.m in Sources */ = {isa = PBXBuildFile; fileRef = A505B0381D09A76900800310 /* AppDelegate.m */; };
		A505B0441D09A76900800310 /* Assets.xcassets in Resources */ = {isa = PBXBuildFile; fileRef = A505B0431D09A76900800310 /* Assets.xcassets */; };
		A505B0471D09A76900800310 /* LaunchScreen.storyboard in Resources */ = {isa = PBXBuildFile; fileRef = A505B0451D09A76900800310 /* LaunchScreen.storyboard */; };
		A505B0781D09A7F700800310 /* OilRemedies.m in Sources */ = {isa = PBXBuildFile; fileRef = A505B0771D09A7F700800310 /* OilRemedies.m */; };
		A505B07A1D09A82600800310 /* libsqlite3.0.tbd in Frameworks */ = {isa = PBXBuildFile; fileRef = A505B0791D09A82600800310 /* libsqlite3.0.tbd */; };
		A505B07D1D09AB5E00800310 /* LIST_OilRemediesViewController.m in Sources */ = {isa = PBXBuildFile; fileRef = A505B07C1D09AB5E00800310 /* LIST_OilRemediesViewController.m */; };
		A505B0801D09DD9600800310 /* OilLists.m in Sources */ = {isa = PBXBuildFile; fileRef = A505B07F1D09DD9600800310 /* OilLists.m */; };
		A505B0831D09ED3F00800310 /* LIST_OilsTableViewController.m in Sources */ = {isa = PBXBuildFile; fileRef = A505B0821D09ED3F00800310 /* LIST_OilsTableViewController.m */; };
		A509C2FB21AAF2C700E0BF04 /* Background.png in Resources */ = {isa = PBXBuildFile; fileRef = A509C2FA21AAF2C700E0BF04 /* Background.png */; };
		A509C2FC21AAF2C700E0BF04 /* Background.png in Resources */ = {isa = PBXBuildFile; fileRef = A509C2FA21AAF2C700E0BF04 /* Background.png */; };
		A509C2FE21AAF76400E0BF04 /* Background2.png in Resources */ = {isa = PBXBuildFile; fileRef = A509C2FD21AAF76400E0BF04 /* Background2.png */; };
		A509C2FF21AAF76400E0BF04 /* Background2.png in Resources */ = {isa = PBXBuildFile; fileRef = A509C2FD21AAF76400E0BF04 /* Background2.png */; };
		A50AF6F91E401C2A00CC4754 /* DatabaseManagement.m in Sources */ = {isa = PBXBuildFile; fileRef = A50AF6F81E401C2A00CC4754 /* DatabaseManagement.m */; };
		A50CF9591D75BB4A0037C7CD /* SettingsViewController.m in Sources */ = {isa = PBXBuildFile; fileRef = A50CF9581D75BB4A0037C7CD /* SettingsViewController.m */; };
		A50CF95B1D75C2E10037C7CD /* gear.png in Resources */ = {isa = PBXBuildFile; fileRef = A50CF95A1D75C2E10037C7CD /* gear.png */; };
		A515BA0320E7FF2F009F4845 /* List_ReOrderTableViewController.m in Sources */ = {isa = PBXBuildFile; fileRef = A515BA0220E7FF2F009F4845 /* List_ReOrderTableViewController.m */; };
		A515BA1A20E8432A009F4845 /* cart-plus@2x.png in Resources */ = {isa = PBXBuildFile; fileRef = A515BA1620E84328009F4845 /* cart-plus@2x.png */; };
		A515BA1B20E8432A009F4845 /* TBB_cart-plus.png in Resources */ = {isa = PBXBuildFile; fileRef = A515BA1720E84329009F4845 /* TBB_cart-plus.png */; };
		A515BA1C20E8432A009F4845 /* TBB_cart-plus@2x.png in Resources */ = {isa = PBXBuildFile; fileRef = A515BA1820E84329009F4845 /* TBB_cart-plus@2x.png */; };
		A515BA1D20E8432A009F4845 /* cart-plus.png in Resources */ = {isa = PBXBuildFile; fileRef = A515BA1920E84329009F4845 /* cart-plus.png */; };
		A51FBC221F5CBCF2001214B6 /* VIEW_SingleRemedyViewController.m in Sources */ = {isa = PBXBuildFile; fileRef = A55062011DD0D865001CF00C /* VIEW_SingleRemedyViewController.m */; };
		A51FBC231F5CBCF2001214B6 /* EDIT_OilDetailViewController.m in Sources */ = {isa = PBXBuildFile; fileRef = A5CED4E51D26932000090560 /* EDIT_OilDetailViewController.m */; };
		A51FBC241F5CBCF2001214B6 /* SettingsiTunesBackupRestoreViewController.m in Sources */ = {isa = PBXBuildFile; fileRef = A56D7F7D1E4110BE00FC91B9 /* SettingsiTunesBackupRestoreViewController.m */; };
		A51FBC251F5CBCF2001214B6 /* LIST_OilRemediesViewController.m in Sources */ = {isa = PBXBuildFile; fileRef = A505B07C1D09AB5E00800310 /* LIST_OilRemediesViewController.m */; };
		A51FBC261F5CBCF2001214B6 /* OilRemedies.m in Sources */ = {isa = PBXBuildFile; fileRef = A505B0771D09A7F700800310 /* OilRemedies.m */; };
		A51FBC271F5CBCF2001214B6 /* VIEW_RemedyViewController.m in Sources */ = {isa = PBXBuildFile; fileRef = A5AA21AA1D52379300B42F4A /* VIEW_RemedyViewController.m */; };
		A51FBC281F5CBCF2001214B6 /* FormFunctions.m in Sources */ = {isa = PBXBuildFile; fileRef = A57BF9D91D6C96EC005D3113 /* FormFunctions.m */; };
		A51FBC291F5CBCF2001214B6 /* MainStartViewController.m in Sources */ = {isa = PBXBuildFile; fileRef = A5F605251D1C65340059BF27 /* MainStartViewController.m */; };
		A51FBC2A1F5CBCF2001214B6 /* SearchDatabase.m in Sources */ = {isa = PBXBuildFile; fileRef = A59C1FB11D95949000A4E337 /* SearchDatabase.m */; };
		A51FBC2B1F5CBCF2001214B6 /* OilLists.m in Sources */ = {isa = PBXBuildFile; fileRef = A505B07F1D09DD9600800310 /* OilLists.m */; };
		A51FBC2C1F5CBCF2001214B6 /* BurnSoftDatabase.m in Sources */ = {isa = PBXBuildFile; fileRef = A52043F01D86F995001AFD40 /* BurnSoftDatabase.m */; };
		A51FBC2D1F5CBCF2001214B6 /* SearchViewController.m in Sources */ = {isa = PBXBuildFile; fileRef = A5841ED11D8D9FDC00DCDC98 /* SearchViewController.m */; };
		A51FBC2E1F5CBCF2001214B6 /* AppDelegate.m in Sources */ = {isa = PBXBuildFile; fileRef = A505B0381D09A76900800310 /* AppDelegate.m */; };
		A51FBC2F1F5CBCF2001214B6 /* MYSettings.m in Sources */ = {isa = PBXBuildFile; fileRef = A5F605221D1C45CD0059BF27 /* MYSettings.m */; };
		A51FBC301F5CBCF2001214B6 /* PopUpOilViewController.m in Sources */ = {isa = PBXBuildFile; fileRef = A5B02CF01D8846A30004334B /* PopUpOilViewController.m */; };
		A51FBC311F5CBCF2001214B6 /* Parser.m in Sources */ = {isa = PBXBuildFile; fileRef = A542B39B1EB40E9100CDA83F /* Parser.m */; };
		A51FBC321F5CBCF2001214B6 /* DBUpgrade.m in Sources */ = {isa = PBXBuildFile; fileRef = A5BDC4231E1715E600A98652 /* DBUpgrade.m */; };
		A51FBC331F5CBCF2001214B6 /* SettingsViewController.m in Sources */ = {isa = PBXBuildFile; fileRef = A50CF9581D75BB4A0037C7CD /* SettingsViewController.m */; };
		A51FBC341F5CBCF2001214B6 /* main.m in Sources */ = {isa = PBXBuildFile; fileRef = A505B0351D09A76900800310 /* main.m */; };
		A51FBC351F5CBCF2001214B6 /* ActionClass.m in Sources */ = {isa = PBXBuildFile; fileRef = A53A25851E946A35006C4B8F /* ActionClass.m */; };
		A51FBC361F5CBCF2001214B6 /* AirDropHandler.m in Sources */ = {isa = PBXBuildFile; fileRef = A573E1421EB7712000C11C71 /* AirDropHandler.m */; };
		A51FBC371F5CBCF2001214B6 /* DatabaseManagement.m in Sources */ = {isa = PBXBuildFile; fileRef = A50AF6F81E401C2A00CC4754 /* DatabaseManagement.m */; };
		A51FBC381F5CBCF2001214B6 /* VIEW_OilDetailsViewController.m in Sources */ = {isa = PBXBuildFile; fileRef = A5E15F3B1D1862B40047055D /* VIEW_OilDetailsViewController.m */; };
		A51FBC391F5CBCF2001214B6 /* EDIT_RemedyViewController.m in Sources */ = {isa = PBXBuildFile; fileRef = A5AA21AD1D5237B800B42F4A /* EDIT_RemedyViewController.m */; };
		A51FBC3B1F5CBCF2001214B6 /* Add_RemedyViewController.m in Sources */ = {isa = PBXBuildFile; fileRef = A5AA21A71D52377200B42F4A /* Add_RemedyViewController.m */; };
		A51FBC3C1F5CBCF2001214B6 /* PopUpOilSearchViewController.m in Sources */ = {isa = PBXBuildFile; fileRef = A594288E1E19B88100D059BE /* PopUpOilSearchViewController.m */; };
		A51FBC3D1F5CBCF2001214B6 /* BurnSoftGeneral.m in Sources */ = {isa = PBXBuildFile; fileRef = A52043F31D86F9DB001AFD40 /* BurnSoftGeneral.m */; };
		A51FBC3E1F5CBCF2001214B6 /* ADD_OilDetailsViewController.m in Sources */ = {isa = PBXBuildFile; fileRef = A5E15F3E1D1862D30047055D /* ADD_OilDetailsViewController.m */; };
		A51FBC3F1F5CBCF2001214B6 /* BurnSoftMath.m in Sources */ = {isa = PBXBuildFile; fileRef = A52043F51D86F9DB001AFD40 /* BurnSoftMath.m */; };
		A51FBC401F5CBCF2001214B6 /* SearchResultsViewController.m in Sources */ = {isa = PBXBuildFile; fileRef = A5C41FE71D94271700973340 /* SearchResultsViewController.m */; };
		A51FBC411F5CBCF2001214B6 /* LIST_OilsTableViewController.m in Sources */ = {isa = PBXBuildFile; fileRef = A505B0821D09ED3F00800310 /* LIST_OilsTableViewController.m */; };
		A51FBC431F5CBCF2001214B6 /* Foundation.framework in Frameworks */ = {isa = PBXBuildFile; fileRef = A54B57941E665A3300EFF9BA /* Foundation.framework */; };
		A51FBC441F5CBCF2001214B6 /* libsqlite3.0.tbd in Frameworks */ = {isa = PBXBuildFile; fileRef = A505B0791D09A82600800310 /* libsqlite3.0.tbd */; };
		A51FBC471F5CBCF2001214B6 /* MEO.db in Resources */ = {isa = PBXBuildFile; fileRef = A5C4C2231D7F44710073CB2A /* MEO.db */; };
		A51FBC481F5CBCF2001214B6 /* TBB_remedies.png in Resources */ = {isa = PBXBuildFile; fileRef = A5E28E821D0B500700052005 /* TBB_remedies.png */; };
		A51FBC491F5CBCF2001214B6 /* iPad_Icon-iPadPro@2x.png in Resources */ = {isa = PBXBuildFile; fileRef = A5033F2B1E3D3DEF00D22B7D /* iPad_Icon-iPadPro@2x.png */; };
		A51FBC4A1F5CBCF2001214B6 /* gear.png in Resources */ = {isa = PBXBuildFile; fileRef = A50CF95A1D75C2E10037C7CD /* gear.png */; };
		A51FBC4B1F5CBCF2001214B6 /* iPad_Icon-Spotlight-40@3x.png in Resources */ = {isa = PBXBuildFile; fileRef = A5033F331E3D3DEF00D22B7D /* iPad_Icon-Spotlight-40@3x.png */; };
		A51FBC4C1F5CBCF2001214B6 /* iPad_Icon-Small@2x.png in Resources */ = {isa = PBXBuildFile; fileRef = A5033F2F1E3D3DEF00D22B7D /* iPad_Icon-Small@2x.png */; };
		A51FBC4D1F5CBCF2001214B6 /* TBB_remedies@2x.png in Resources */ = {isa = PBXBuildFile; fileRef = A5E28E831D0B500700052005 /* TBB_remedies@2x.png */; };
		A51FBC4E1F5CBCF2001214B6 /* iphone.storyboard in Resources */ = {isa = PBXBuildFile; fileRef = A5C26B541D37BDB000476766 /* iphone.storyboard */; };
		A51FBC4F1F5CBCF2001214B6 /* Icon-notification-20@2x.png in Resources */ = {isa = PBXBuildFile; fileRef = A5652D8B1E3E5F290029EB7A /* Icon-notification-20@2x.png */; };
		A51FBC501F5CBCF2001214B6 /* Icon-notification-20@3x.png in Resources */ = {isa = PBXBuildFile; fileRef = A5652D8C1E3E5F290029EB7A /* Icon-notification-20@3x.png */; };
		A51FBC511F5CBCF2001214B6 /* Icon-notification-20.png in Resources */ = {isa = PBXBuildFile; fileRef = A5652D8A1E3E5F290029EB7A /* Icon-notification-20.png */; };
		A51FBC521F5CBCF2001214B6 /* Icon-Spotlight-40@2x.png in Resources */ = {isa = PBXBuildFile; fileRef = A5E28E911D0B515300052005 /* Icon-Spotlight-40@2x.png */; };
		A51FBC531F5CBCF2001214B6 /* Icon-60.png in Resources */ = {isa = PBXBuildFile; fileRef = A5E28E861D0B515300052005 /* Icon-60.png */; };
		A51FBC541F5CBCF2001214B6 /* LaunchScreen.storyboard in Resources */ = {isa = PBXBuildFile; fileRef = A505B0451D09A76900800310 /* LaunchScreen.storyboard */; };
		A51FBC551F5CBCF2001214B6 /* TBB_oils.png in Resources */ = {isa = PBXBuildFile; fileRef = A5E28E7E1D0B4FDD00052005 /* TBB_oils.png */; };
		A51FBC561F5CBCF2001214B6 /* iPad_Icon-72@2x.png in Resources */ = {isa = PBXBuildFile; fileRef = A5033F271E3D3DEF00D22B7D /* iPad_Icon-72@2x.png */; };
		A51FBC571F5CBCF2001214B6 /* Icon-57@2x.png in Resources */ = {isa = PBXBuildFile; fileRef = A5652D891E3E5F290029EB7A /* Icon-57@2x.png */; };
		A51FBC581F5CBCF2001214B6 /* Icon-60@2x.png in Resources */ = {isa = PBXBuildFile; fileRef = A5E28E871D0B515300052005 /* Icon-60@2x.png */; };
		A51FBC591F5CBCF2001214B6 /* Icon-76.png in Resources */ = {isa = PBXBuildFile; fileRef = A5E28E891D0B515300052005 /* Icon-76.png */; };
		A51FBC5A1F5CBCF2001214B6 /* iTunesArtwork@2x in Resources */ = {isa = PBXBuildFile; fileRef = A5E28E941D0B515300052005 /* iTunesArtwork@2x */; };
		A51FBC5B1F5CBCF2001214B6 /* Icon-60@3x.png in Resources */ = {isa = PBXBuildFile; fileRef = A5E28E881D0B515300052005 /* Icon-60@3x.png */; };
		A51FBC5C1F5CBCF2001214B6 /* Icon-Small.png in Resources */ = {isa = PBXBuildFile; fileRef = A5E28E8D1D0B515300052005 /* Icon-Small.png */; };
		A51FBC5D1F5CBCF2001214B6 /* iPad_Icon-Small-50@2x.png in Resources */ = {isa = PBXBuildFile; fileRef = A5033F2D1E3D3DEF00D22B7D /* iPad_Icon-Small-50@2x.png */; };
		A51FBC5E1F5CBCF2001214B6 /* close-icon.png in Resources */ = {isa = PBXBuildFile; fileRef = A5D255881D8B167500977619 /* close-icon.png */; };
		A51FBC5F1F5CBCF2001214B6 /* iPad_Icon-Small-50.png in Resources */ = {isa = PBXBuildFile; fileRef = A5033F2C1E3D3DEF00D22B7D /* iPad_Icon-Small-50.png */; };
		A51FBC601F5CBCF2001214B6 /* iPad_Icon-Spotlight-40@2x.png in Resources */ = {isa = PBXBuildFile; fileRef = A5033F321E3D3DEF00D22B7D /* iPad_Icon-Spotlight-40@2x.png */; };
		A51FBC611F5CBCF2001214B6 /* Icon-57.png in Resources */ = {isa = PBXBuildFile; fileRef = A5652D881E3E5F290029EB7A /* Icon-57.png */; };
		A51FBC621F5CBCF2001214B6 /* iPad_Icon-72.png in Resources */ = {isa = PBXBuildFile; fileRef = A5033F261E3D3DEF00D22B7D /* iPad_Icon-72.png */; };
		A51FBC631F5CBCF2001214B6 /* iPad_Icon-Spotlight-40.png in Resources */ = {isa = PBXBuildFile; fileRef = A5033F311E3D3DEF00D22B7D /* iPad_Icon-Spotlight-40.png */; };
		A51FBC641F5CBCF2001214B6 /* iPad_Icon-76@3x.png in Resources */ = {isa = PBXBuildFile; fileRef = A5033F2A1E3D3DEF00D22B7D /* iPad_Icon-76@3x.png */; };
		A51FBC651F5CBCF2001214B6 /* Assets.xcassets in Resources */ = {isa = PBXBuildFile; fileRef = A505B0431D09A76900800310 /* Assets.xcassets */; };
		A51FBC661F5CBCF2001214B6 /* Icon-Spotlight-40.png in Resources */ = {isa = PBXBuildFile; fileRef = A5E28E901D0B515300052005 /* Icon-Spotlight-40.png */; };
		A51FBC671F5CBCF2001214B6 /* Icon-Spotlight-40@3x.png in Resources */ = {isa = PBXBuildFile; fileRef = A5E28E921D0B515300052005 /* Icon-Spotlight-40@3x.png */; };
		A51FBC691F5CBCF2001214B6 /* Icon-76@3x.png in Resources */ = {isa = PBXBuildFile; fileRef = A5E28E8B1D0B515300052005 /* Icon-76@3x.png */; };
		A51FBC6A1F5CBCF2001214B6 /* iPad_Icon-Small@3x.png in Resources */ = {isa = PBXBuildFile; fileRef = A5033F301E3D3DEF00D22B7D /* iPad_Icon-Small@3x.png */; };
		A51FBC6B1F5CBCF2001214B6 /* iTunesArtwork in Resources */ = {isa = PBXBuildFile; fileRef = A5E28E931D0B515300052005 /* iTunesArtwork */; };
		A51FBC6C1F5CBCF2001214B6 /* search.png in Resources */ = {isa = PBXBuildFile; fileRef = A5841ECC1D8D9C9000DCDC98 /* search.png */; };
		A51FBC6D1F5CBCF2001214B6 /* iPad_Icon-76.png in Resources */ = {isa = PBXBuildFile; fileRef = A5033F281E3D3DEF00D22B7D /* iPad_Icon-76.png */; };
		A51FBC6E1F5CBCF2001214B6 /* iPad_Icon-76@2x.png in Resources */ = {isa = PBXBuildFile; fileRef = A5033F291E3D3DEF00D22B7D /* iPad_Icon-76@2x.png */; };
		A51FBC701F5CBCF2001214B6 /* Icon-Small@2x.png in Resources */ = {isa = PBXBuildFile; fileRef = A5E28E8E1D0B515300052005 /* Icon-Small@2x.png */; };
		A51FBC711F5CBCF2001214B6 /* Icon-76@2x.png in Resources */ = {isa = PBXBuildFile; fileRef = A5E28E8A1D0B515300052005 /* Icon-76@2x.png */; };
		A51FBC721F5CBCF2001214B6 /* iPad_Icon-Small.png in Resources */ = {isa = PBXBuildFile; fileRef = A5033F2E1E3D3DEF00D22B7D /* iPad_Icon-Small.png */; };
		A51FBC731F5CBCF2001214B6 /* TBB_oils@2x.png in Resources */ = {isa = PBXBuildFile; fileRef = A5E28E7F1D0B4FDD00052005 /* TBB_oils@2x.png */; };
		A51FBC7A1F5CC00C001214B6 /* CloudKit.framework in Frameworks */ = {isa = PBXBuildFile; fileRef = A51FBC791F5CC00C001214B6 /* CloudKit.framework */; };
		A52043F11D86F995001AFD40 /* BurnSoftDatabase.m in Sources */ = {isa = PBXBuildFile; fileRef = A52043F01D86F995001AFD40 /* BurnSoftDatabase.m */; };
		A52043F61D86F9DB001AFD40 /* BurnSoftGeneral.m in Sources */ = {isa = PBXBuildFile; fileRef = A52043F31D86F9DB001AFD40 /* BurnSoftGeneral.m */; };
		A52043F71D86F9DB001AFD40 /* BurnSoftMath.m in Sources */ = {isa = PBXBuildFile; fileRef = A52043F51D86F9DB001AFD40 /* BurnSoftMath.m */; };
		A53A25861E946A35006C4B8F /* ActionClass.m in Sources */ = {isa = PBXBuildFile; fileRef = A53A25851E946A35006C4B8F /* ActionClass.m */; };
		A542B39C1EB40E9100CDA83F /* Parser.m in Sources */ = {isa = PBXBuildFile; fileRef = A542B39B1EB40E9100CDA83F /* Parser.m */; };
		A54B57951E665A3300EFF9BA /* Foundation.framework in Frameworks */ = {isa = PBXBuildFile; fileRef = A54B57941E665A3300EFF9BA /* Foundation.framework */; };
		A55062021DD0D865001CF00C /* VIEW_SingleRemedyViewController.m in Sources */ = {isa = PBXBuildFile; fileRef = A55062011DD0D865001CF00C /* VIEW_SingleRemedyViewController.m */; };
		A5652D8D1E3E5F290029EB7A /* Icon-57.png in Resources */ = {isa = PBXBuildFile; fileRef = A5652D881E3E5F290029EB7A /* Icon-57.png */; };
		A5652D8E1E3E5F290029EB7A /* Icon-57@2x.png in Resources */ = {isa = PBXBuildFile; fileRef = A5652D891E3E5F290029EB7A /* Icon-57@2x.png */; };
		A5652D8F1E3E5F290029EB7A /* Icon-notification-20.png in Resources */ = {isa = PBXBuildFile; fileRef = A5652D8A1E3E5F290029EB7A /* Icon-notification-20.png */; };
		A5652D901E3E5F290029EB7A /* Icon-notification-20@2x.png in Resources */ = {isa = PBXBuildFile; fileRef = A5652D8B1E3E5F290029EB7A /* Icon-notification-20@2x.png */; };
		A5652D911E3E5F290029EB7A /* Icon-notification-20@3x.png in Resources */ = {isa = PBXBuildFile; fileRef = A5652D8C1E3E5F290029EB7A /* Icon-notification-20@3x.png */; };
		A56787D62127A20E008168C2 /* cart-plus@2x.png in Resources */ = {isa = PBXBuildFile; fileRef = A515BA1620E84328009F4845 /* cart-plus@2x.png */; };
		A56787D72127A211008168C2 /* cart-plus.png in Resources */ = {isa = PBXBuildFile; fileRef = A515BA1920E84329009F4845 /* cart-plus.png */; };
		A56787D82127A379008168C2 /* List_ReOrderTableViewController.m in Sources */ = {isa = PBXBuildFile; fileRef = A515BA0220E7FF2F009F4845 /* List_ReOrderTableViewController.m */; };
		A56C9DD7220C91100003600F /* BurnSoftFileSystem.m in Sources */ = {isa = PBXBuildFile; fileRef = A56C9DD6220C91100003600F /* BurnSoftFileSystem.m */; };
		A56D7ACF21E2AB28008615EE /* systemBrown.png in Resources */ = {isa = PBXBuildFile; fileRef = A56D7ACE21E2AB28008615EE /* systemBrown.png */; };
		A56D7AD021E2AB28008615EE /* systemBrown.png in Resources */ = {isa = PBXBuildFile; fileRef = A56D7ACE21E2AB28008615EE /* systemBrown.png */; };
		A56D7F7E1E4110BE00FC91B9 /* SettingsiTunesBackupRestoreViewController.m in Sources */ = {isa = PBXBuildFile; fileRef = A56D7F7D1E4110BE00FC91B9 /* SettingsiTunesBackupRestoreViewController.m */; };
		A573E1431EB7712000C11C71 /* AirDropHandler.m in Sources */ = {isa = PBXBuildFile; fileRef = A573E1421EB7712000C11C71 /* AirDropHandler.m */; };
		A57BF9DA1D6C96EC005D3113 /* FormFunctions.m in Sources */ = {isa = PBXBuildFile; fileRef = A57BF9D91D6C96EC005D3113 /* FormFunctions.m */; };
		A57CB7C41D805F7700380B23 /* MEO.db in Resources */ = {isa = PBXBuildFile; fileRef = A5C4C2231D7F44710073CB2A /* MEO.db */; };
		A5841ECD1D8D9C9000DCDC98 /* search.png in Resources */ = {isa = PBXBuildFile; fileRef = A5841ECC1D8D9C9000DCDC98 /* search.png */; };
		A5841ED21D8D9FDC00DCDC98 /* SearchViewController.m in Sources */ = {isa = PBXBuildFile; fileRef = A5841ED11D8D9FDC00DCDC98 /* SearchViewController.m */; };
		A594288F1E19B88100D059BE /* PopUpOilSearchViewController.m in Sources */ = {isa = PBXBuildFile; fileRef = A594288E1E19B88100D059BE /* PopUpOilSearchViewController.m */; };
		A59C1FB21D95949000A4E337 /* SearchDatabase.m in Sources */ = {isa = PBXBuildFile; fileRef = A59C1FB11D95949000A4E337 /* SearchDatabase.m */; };
		A5A149C91F5CC491007B3371 /* CloudKit.framework in Frameworks */ = {isa = PBXBuildFile; fileRef = A51FBC791F5CC00C001214B6 /* CloudKit.framework */; };
		A5A149E11F5CE57A007B3371 /* lite_Icon-60.png in Resources */ = {isa = PBXBuildFile; fileRef = A5A149CC1F5CE57A007B3371 /* lite_Icon-60.png */; };
		A5A149E21F5CE57A007B3371 /* lite_Icon-60@2x.png in Resources */ = {isa = PBXBuildFile; fileRef = A5A149CD1F5CE57A007B3371 /* lite_Icon-60@2x.png */; };
		A5A149E31F5CE57A007B3371 /* lite_Icon-60@3x.png in Resources */ = {isa = PBXBuildFile; fileRef = A5A149CE1F5CE57A007B3371 /* lite_Icon-60@3x.png */; };
		A5A149E41F5CE57A007B3371 /* lite_Icon-72.png in Resources */ = {isa = PBXBuildFile; fileRef = A5A149CF1F5CE57A007B3371 /* lite_Icon-72.png */; };
		A5A149E51F5CE57A007B3371 /* lite_Icon-72@2x.png in Resources */ = {isa = PBXBuildFile; fileRef = A5A149D01F5CE57A007B3371 /* lite_Icon-72@2x.png */; };
		A5A149E61F5CE57A007B3371 /* lite_Icon-76.png in Resources */ = {isa = PBXBuildFile; fileRef = A5A149D11F5CE57A007B3371 /* lite_Icon-76.png */; };
		A5A149E71F5CE57A007B3371 /* lite_Icon-76@2x.png in Resources */ = {isa = PBXBuildFile; fileRef = A5A149D21F5CE57A007B3371 /* lite_Icon-76@2x.png */; };
		A5A149E81F5CE57A007B3371 /* lite_Icon-76@3x.png in Resources */ = {isa = PBXBuildFile; fileRef = A5A149D31F5CE57A007B3371 /* lite_Icon-76@3x.png */; };
		A5A149E91F5CE57A007B3371 /* lite_Icon-iPadPro@2x.png in Resources */ = {isa = PBXBuildFile; fileRef = A5A149D41F5CE57A007B3371 /* lite_Icon-iPadPro@2x.png */; };
		A5A149EA1F5CE57A007B3371 /* lite_Icon-Small-50.png in Resources */ = {isa = PBXBuildFile; fileRef = A5A149D51F5CE57A007B3371 /* lite_Icon-Small-50.png */; };
		A5A149EB1F5CE57A007B3371 /* lite_Icon-Small-50@2x.png in Resources */ = {isa = PBXBuildFile; fileRef = A5A149D61F5CE57A007B3371 /* lite_Icon-Small-50@2x.png */; };
		A5A149EC1F5CE57A007B3371 /* lite_Icon-Small.png in Resources */ = {isa = PBXBuildFile; fileRef = A5A149D71F5CE57A007B3371 /* lite_Icon-Small.png */; };
		A5A149ED1F5CE57A007B3371 /* lite_Icon-Small@2x.png in Resources */ = {isa = PBXBuildFile; fileRef = A5A149D81F5CE57A007B3371 /* lite_Icon-Small@2x.png */; };
		A5A149EE1F5CE57A007B3371 /* lite_Icon-Small@3x.png in Resources */ = {isa = PBXBuildFile; fileRef = A5A149D91F5CE57A007B3371 /* lite_Icon-Small@3x.png */; };
		A5A149EF1F5CE57A007B3371 /* lite_Icon-Spotlight-40.png in Resources */ = {isa = PBXBuildFile; fileRef = A5A149DA1F5CE57A007B3371 /* lite_Icon-Spotlight-40.png */; };
		A5A149F01F5CE57A007B3371 /* lite_Icon-Spotlight-40@2x.png in Resources */ = {isa = PBXBuildFile; fileRef = A5A149DB1F5CE57A007B3371 /* lite_Icon-Spotlight-40@2x.png */; };
		A5A149F11F5CE57A007B3371 /* lite_Icon-Spotlight-40@3x.png in Resources */ = {isa = PBXBuildFile; fileRef = A5A149DC1F5CE57A007B3371 /* lite_Icon-Spotlight-40@3x.png */; };
		A5A149F21F5CE57A007B3371 /* lite_Icon.png in Resources */ = {isa = PBXBuildFile; fileRef = A5A149DD1F5CE57A007B3371 /* lite_Icon.png */; };
		A5A149F31F5CE57A007B3371 /* lite_Icon@2x.png in Resources */ = {isa = PBXBuildFile; fileRef = A5A149DE1F5CE57A007B3371 /* lite_Icon@2x.png */; };
		A5A149F41F5CE57A007B3371 /* lite_iTunesArtwork.png in Resources */ = {isa = PBXBuildFile; fileRef = A5A149DF1F5CE57A007B3371 /* lite_iTunesArtwork.png */; };
		A5A149F51F5CE57A007B3371 /* lite_iTunesArtwork@2x.png in Resources */ = {isa = PBXBuildFile; fileRef = A5A149E01F5CE57A007B3371 /* lite_iTunesArtwork@2x.png */; };
		A5AA21A81D52377200B42F4A /* Add_RemedyViewController.m in Sources */ = {isa = PBXBuildFile; fileRef = A5AA21A71D52377200B42F4A /* Add_RemedyViewController.m */; };
		A5AA21AB1D52379300B42F4A /* VIEW_RemedyViewController.m in Sources */ = {isa = PBXBuildFile; fileRef = A5AA21AA1D52379300B42F4A /* VIEW_RemedyViewController.m */; };
		A5AA21AE1D5237B800B42F4A /* EDIT_RemedyViewController.m in Sources */ = {isa = PBXBuildFile; fileRef = A5AA21AD1D5237B800B42F4A /* EDIT_RemedyViewController.m */; };
		A5B02CF11D8846A30004334B /* PopUpOilViewController.m in Sources */ = {isa = PBXBuildFile; fileRef = A5B02CF01D8846A30004334B /* PopUpOilViewController.m */; };
		A5BDC4241E1715E600A98652 /* DBUpgrade.m in Sources */ = {isa = PBXBuildFile; fileRef = A5BDC4231E1715E600A98652 /* DBUpgrade.m */; };
		A5C26B551D37BDB000476766 /* iphone.storyboard in Resources */ = {isa = PBXBuildFile; fileRef = A5C26B541D37BDB000476766 /* iphone.storyboard */; };
		A5C41FE81D94271700973340 /* SearchResultsViewController.m in Sources */ = {isa = PBXBuildFile; fileRef = A5C41FE71D94271700973340 /* SearchResultsViewController.m */; };
		A5CED4E61D26932000090560 /* EDIT_OilDetailViewController.m in Sources */ = {isa = PBXBuildFile; fileRef = A5CED4E51D26932000090560 /* EDIT_OilDetailViewController.m */; };
		A5D255891D8B167500977619 /* close-icon.png in Resources */ = {isa = PBXBuildFile; fileRef = A5D255881D8B167500977619 /* close-icon.png */; };
		A5E15F3C1D1862B40047055D /* VIEW_OilDetailsViewController.m in Sources */ = {isa = PBXBuildFile; fileRef = A5E15F3B1D1862B40047055D /* VIEW_OilDetailsViewController.m */; };
		A5E15F3F1D1862D30047055D /* ADD_OilDetailsViewController.m in Sources */ = {isa = PBXBuildFile; fileRef = A5E15F3E1D1862D30047055D /* ADD_OilDetailsViewController.m */; };
		A5E28E801D0B4FDD00052005 /* TBB_oils.png in Resources */ = {isa = PBXBuildFile; fileRef = A5E28E7E1D0B4FDD00052005 /* TBB_oils.png */; };
		A5E28E811D0B4FDD00052005 /* TBB_oils@2x.png in Resources */ = {isa = PBXBuildFile; fileRef = A5E28E7F1D0B4FDD00052005 /* TBB_oils@2x.png */; };
		A5E28E841D0B500700052005 /* TBB_remedies.png in Resources */ = {isa = PBXBuildFile; fileRef = A5E28E821D0B500700052005 /* TBB_remedies.png */; };
		A5E28E851D0B500700052005 /* TBB_remedies@2x.png in Resources */ = {isa = PBXBuildFile; fileRef = A5E28E831D0B500700052005 /* TBB_remedies@2x.png */; };
		A5E28E951D0B515300052005 /* Icon-60.png in Resources */ = {isa = PBXBuildFile; fileRef = A5E28E861D0B515300052005 /* Icon-60.png */; };
		A5E28E961D0B515300052005 /* Icon-60@2x.png in Resources */ = {isa = PBXBuildFile; fileRef = A5E28E871D0B515300052005 /* Icon-60@2x.png */; };
		A5E28E971D0B515300052005 /* Icon-60@3x.png in Resources */ = {isa = PBXBuildFile; fileRef = A5E28E881D0B515300052005 /* Icon-60@3x.png */; };
		A5E28E981D0B515300052005 /* Icon-76.png in Resources */ = {isa = PBXBuildFile; fileRef = A5E28E891D0B515300052005 /* Icon-76.png */; };
		A5E28E991D0B515300052005 /* Icon-76@2x.png in Resources */ = {isa = PBXBuildFile; fileRef = A5E28E8A1D0B515300052005 /* Icon-76@2x.png */; };
		A5E28E9A1D0B515300052005 /* Icon-76@3x.png in Resources */ = {isa = PBXBuildFile; fileRef = A5E28E8B1D0B515300052005 /* Icon-76@3x.png */; };
		A5E28E9B1D0B515300052005 /* Icon-iPadPro@2x.png in Resources */ = {isa = PBXBuildFile; fileRef = A5E28E8C1D0B515300052005 /* Icon-iPadPro@2x.png */; };
		A5E28E9C1D0B515300052005 /* Icon-Small.png in Resources */ = {isa = PBXBuildFile; fileRef = A5E28E8D1D0B515300052005 /* Icon-Small.png */; };
		A5E28E9D1D0B515300052005 /* Icon-Small@2x.png in Resources */ = {isa = PBXBuildFile; fileRef = A5E28E8E1D0B515300052005 /* Icon-Small@2x.png */; };
		A5E28E9E1D0B515300052005 /* Icon-Small@3x.png in Resources */ = {isa = PBXBuildFile; fileRef = A5E28E8F1D0B515300052005 /* Icon-Small@3x.png */; };
		A5E28E9F1D0B515300052005 /* Icon-Spotlight-40.png in Resources */ = {isa = PBXBuildFile; fileRef = A5E28E901D0B515300052005 /* Icon-Spotlight-40.png */; };
		A5E28EA01D0B515300052005 /* Icon-Spotlight-40@2x.png in Resources */ = {isa = PBXBuildFile; fileRef = A5E28E911D0B515300052005 /* Icon-Spotlight-40@2x.png */; };
		A5E28EA11D0B515300052005 /* Icon-Spotlight-40@3x.png in Resources */ = {isa = PBXBuildFile; fileRef = A5E28E921D0B515300052005 /* Icon-Spotlight-40@3x.png */; };
		A5E28EA21D0B515300052005 /* iTunesArtwork in Resources */ = {isa = PBXBuildFile; fileRef = A5E28E931D0B515300052005 /* iTunesArtwork */; };
		A5E28EA31D0B515300052005 /* iTunesArtwork@2x in Resources */ = {isa = PBXBuildFile; fileRef = A5E28E941D0B515300052005 /* iTunesArtwork@2x */; };
		A5F605231D1C45CD0059BF27 /* MYSettings.m in Sources */ = {isa = PBXBuildFile; fileRef = A5F605221D1C45CD0059BF27 /* MYSettings.m */; };
		A5F605261D1C65340059BF27 /* MainStartViewController.m in Sources */ = {isa = PBXBuildFile; fileRef = A5F605251D1C65340059BF27 /* MainStartViewController.m */; };
/* End PBXBuildFile section */

/* Begin PBXFileReference section */
		A5033F261E3D3DEF00D22B7D /* iPad_Icon-72.png */ = {isa = PBXFileReference; lastKnownFileType = image.png; path = "iPad_Icon-72.png"; sourceTree = "<group>"; };
		A5033F271E3D3DEF00D22B7D /* iPad_Icon-72@2x.png */ = {isa = PBXFileReference; lastKnownFileType = image.png; path = "iPad_Icon-72@2x.png"; sourceTree = "<group>"; };
		A5033F281E3D3DEF00D22B7D /* iPad_Icon-76.png */ = {isa = PBXFileReference; lastKnownFileType = image.png; path = "iPad_Icon-76.png"; sourceTree = "<group>"; };
		A5033F291E3D3DEF00D22B7D /* iPad_Icon-76@2x.png */ = {isa = PBXFileReference; lastKnownFileType = image.png; path = "iPad_Icon-76@2x.png"; sourceTree = "<group>"; };
		A5033F2A1E3D3DEF00D22B7D /* iPad_Icon-76@3x.png */ = {isa = PBXFileReference; lastKnownFileType = image.png; path = "iPad_Icon-76@3x.png"; sourceTree = "<group>"; };
		A5033F2B1E3D3DEF00D22B7D /* iPad_Icon-iPadPro@2x.png */ = {isa = PBXFileReference; lastKnownFileType = image.png; path = "iPad_Icon-iPadPro@2x.png"; sourceTree = "<group>"; };
		A5033F2C1E3D3DEF00D22B7D /* iPad_Icon-Small-50.png */ = {isa = PBXFileReference; lastKnownFileType = image.png; path = "iPad_Icon-Small-50.png"; sourceTree = "<group>"; };
		A5033F2D1E3D3DEF00D22B7D /* iPad_Icon-Small-50@2x.png */ = {isa = PBXFileReference; lastKnownFileType = image.png; path = "iPad_Icon-Small-50@2x.png"; sourceTree = "<group>"; };
		A5033F2E1E3D3DEF00D22B7D /* iPad_Icon-Small.png */ = {isa = PBXFileReference; lastKnownFileType = image.png; path = "iPad_Icon-Small.png"; sourceTree = "<group>"; };
		A5033F2F1E3D3DEF00D22B7D /* iPad_Icon-Small@2x.png */ = {isa = PBXFileReference; lastKnownFileType = image.png; path = "iPad_Icon-Small@2x.png"; sourceTree = "<group>"; };
		A5033F301E3D3DEF00D22B7D /* iPad_Icon-Small@3x.png */ = {isa = PBXFileReference; lastKnownFileType = image.png; path = "iPad_Icon-Small@3x.png"; sourceTree = "<group>"; };
		A5033F311E3D3DEF00D22B7D /* iPad_Icon-Spotlight-40.png */ = {isa = PBXFileReference; lastKnownFileType = image.png; path = "iPad_Icon-Spotlight-40.png"; sourceTree = "<group>"; };
		A5033F321E3D3DEF00D22B7D /* iPad_Icon-Spotlight-40@2x.png */ = {isa = PBXFileReference; lastKnownFileType = image.png; path = "iPad_Icon-Spotlight-40@2x.png"; sourceTree = "<group>"; };
		A5033F331E3D3DEF00D22B7D /* iPad_Icon-Spotlight-40@3x.png */ = {isa = PBXFileReference; lastKnownFileType = image.png; path = "iPad_Icon-Spotlight-40@3x.png"; sourceTree = "<group>"; };
		A505B0311D09A76900800310 /* My Essential Oil Remedies.app */ = {isa = PBXFileReference; explicitFileType = wrapper.application; includeInIndex = 0; path = "My Essential Oil Remedies.app"; sourceTree = BUILT_PRODUCTS_DIR; };
		A505B0351D09A76900800310 /* main.m */ = {isa = PBXFileReference; lastKnownFileType = sourcecode.c.objc; path = main.m; sourceTree = "<group>"; };
		A505B0371D09A76900800310 /* AppDelegate.h */ = {isa = PBXFileReference; lastKnownFileType = sourcecode.c.h; path = AppDelegate.h; sourceTree = "<group>"; };
		A505B0381D09A76900800310 /* AppDelegate.m */ = {isa = PBXFileReference; lastKnownFileType = sourcecode.c.objc; path = AppDelegate.m; sourceTree = "<group>"; };
		A505B0431D09A76900800310 /* Assets.xcassets */ = {isa = PBXFileReference; lastKnownFileType = folder.assetcatalog; path = Assets.xcassets; sourceTree = "<group>"; };
		A505B0461D09A76900800310 /* Base */ = {isa = PBXFileReference; lastKnownFileType = file.storyboard; name = Base; path = Base.lproj/LaunchScreen.storyboard; sourceTree = "<group>"; };
		A505B0481D09A76900800310 /* Info.plist */ = {isa = PBXFileReference; lastKnownFileType = text.plist.xml; path = Info.plist; sourceTree = "<group>"; };
		A505B0761D09A7F700800310 /* OilRemedies.h */ = {isa = PBXFileReference; fileEncoding = 4; lastKnownFileType = sourcecode.c.h; path = OilRemedies.h; sourceTree = "<group>"; };
		A505B0771D09A7F700800310 /* OilRemedies.m */ = {isa = PBXFileReference; fileEncoding = 4; lastKnownFileType = sourcecode.c.objc; path = OilRemedies.m; sourceTree = "<group>"; };
		A505B0791D09A82600800310 /* libsqlite3.0.tbd */ = {isa = PBXFileReference; lastKnownFileType = "sourcecode.text-based-dylib-definition"; name = libsqlite3.0.tbd; path = usr/lib/libsqlite3.0.tbd; sourceTree = SDKROOT; };
		A505B07B1D09AB5E00800310 /* LIST_OilRemediesViewController.h */ = {isa = PBXFileReference; fileEncoding = 4; lastKnownFileType = sourcecode.c.h; path = LIST_OilRemediesViewController.h; sourceTree = "<group>"; };
		A505B07C1D09AB5E00800310 /* LIST_OilRemediesViewController.m */ = {isa = PBXFileReference; fileEncoding = 4; lastKnownFileType = sourcecode.c.objc; path = LIST_OilRemediesViewController.m; sourceTree = "<group>"; };
		A505B07E1D09DD9600800310 /* OilLists.h */ = {isa = PBXFileReference; fileEncoding = 4; lastKnownFileType = sourcecode.c.h; path = OilLists.h; sourceTree = "<group>"; };
		A505B07F1D09DD9600800310 /* OilLists.m */ = {isa = PBXFileReference; fileEncoding = 4; lastKnownFileType = sourcecode.c.objc; path = OilLists.m; sourceTree = "<group>"; };
		A505B0811D09ED3F00800310 /* LIST_OilsTableViewController.h */ = {isa = PBXFileReference; fileEncoding = 4; lastKnownFileType = sourcecode.c.h; path = LIST_OilsTableViewController.h; sourceTree = "<group>"; };
		A505B0821D09ED3F00800310 /* LIST_OilsTableViewController.m */ = {isa = PBXFileReference; fileEncoding = 4; lastKnownFileType = sourcecode.c.objc; path = LIST_OilsTableViewController.m; sourceTree = "<group>"; };
		A509C2FA21AAF2C700E0BF04 /* Background.png */ = {isa = PBXFileReference; lastKnownFileType = image.png; path = Background.png; sourceTree = "<group>"; };
		A509C2FD21AAF76400E0BF04 /* Background2.png */ = {isa = PBXFileReference; lastKnownFileType = image.png; path = Background2.png; sourceTree = "<group>"; };
		A50AF6F71E401C2A00CC4754 /* DatabaseManagement.h */ = {isa = PBXFileReference; fileEncoding = 4; lastKnownFileType = sourcecode.c.h; path = DatabaseManagement.h; sourceTree = "<group>"; };
		A50AF6F81E401C2A00CC4754 /* DatabaseManagement.m */ = {isa = PBXFileReference; fileEncoding = 4; lastKnownFileType = sourcecode.c.objc; path = DatabaseManagement.m; sourceTree = "<group>"; };
		A50CF9571D75BB4A0037C7CD /* SettingsViewController.h */ = {isa = PBXFileReference; fileEncoding = 4; lastKnownFileType = sourcecode.c.h; path = SettingsViewController.h; sourceTree = "<group>"; };
		A50CF9581D75BB4A0037C7CD /* SettingsViewController.m */ = {isa = PBXFileReference; fileEncoding = 4; lastKnownFileType = sourcecode.c.objc; path = SettingsViewController.m; sourceTree = "<group>"; };
		A50CF95A1D75C2E10037C7CD /* gear.png */ = {isa = PBXFileReference; lastKnownFileType = image.png; path = gear.png; sourceTree = "<group>"; };
		A515BA0120E7FF2F009F4845 /* List_ReOrderTableViewController.h */ = {isa = PBXFileReference; lastKnownFileType = sourcecode.c.h; path = List_ReOrderTableViewController.h; sourceTree = "<group>"; };
		A515BA0220E7FF2F009F4845 /* List_ReOrderTableViewController.m */ = {isa = PBXFileReference; lastKnownFileType = sourcecode.c.objc; path = List_ReOrderTableViewController.m; sourceTree = "<group>"; };
		A515BA1620E84328009F4845 /* cart-plus@2x.png */ = {isa = PBXFileReference; lastKnownFileType = image.png; path = "cart-plus@2x.png"; sourceTree = "<group>"; };
		A515BA1720E84329009F4845 /* TBB_cart-plus.png */ = {isa = PBXFileReference; lastKnownFileType = image.png; path = "TBB_cart-plus.png"; sourceTree = "<group>"; };
		A515BA1820E84329009F4845 /* TBB_cart-plus@2x.png */ = {isa = PBXFileReference; lastKnownFileType = image.png; path = "TBB_cart-plus@2x.png"; sourceTree = "<group>"; };
		A515BA1920E84329009F4845 /* cart-plus.png */ = {isa = PBXFileReference; lastKnownFileType = image.png; path = "cart-plus.png"; sourceTree = "<group>"; };
		A51FBC771F5CBCF2001214B6 /* My Essential Oil Remedies Lite.app */ = {isa = PBXFileReference; explicitFileType = wrapper.application; includeInIndex = 0; path = "My Essential Oil Remedies Lite.app"; sourceTree = BUILT_PRODUCTS_DIR; };
		A51FBC781F5CBCF2001214B6 /* My Essential Oil Remedies Lite.plist */ = {isa = PBXFileReference; lastKnownFileType = text.plist.xml; name = "My Essential Oil Remedies Lite.plist"; path = "/Users/burnsoft/Documents/Source_Code/xCode/BS_Projects/production/iOS/MyEssentialOilRemedies/My Essential Oil Remedies Lite.plist"; sourceTree = "<absolute>"; };
		A51FBC791F5CC00C001214B6 /* CloudKit.framework */ = {isa = PBXFileReference; lastKnownFileType = wrapper.framework; name = CloudKit.framework; path = System/Library/Frameworks/CloudKit.framework; sourceTree = SDKROOT; };
		A52043EF1D86F995001AFD40 /* BurnSoftDatabase.h */ = {isa = PBXFileReference; fileEncoding = 4; lastKnownFileType = sourcecode.c.h; path = BurnSoftDatabase.h; sourceTree = "<group>"; };
		A52043F01D86F995001AFD40 /* BurnSoftDatabase.m */ = {isa = PBXFileReference; fileEncoding = 4; lastKnownFileType = sourcecode.c.objc; path = BurnSoftDatabase.m; sourceTree = "<group>"; };
		A52043F21D86F9DB001AFD40 /* BurnSoftGeneral.h */ = {isa = PBXFileReference; fileEncoding = 4; lastKnownFileType = sourcecode.c.h; path = BurnSoftGeneral.h; sourceTree = "<group>"; };
		A52043F31D86F9DB001AFD40 /* BurnSoftGeneral.m */ = {isa = PBXFileReference; fileEncoding = 4; lastKnownFileType = sourcecode.c.objc; path = BurnSoftGeneral.m; sourceTree = "<group>"; };
		A52043F41D86F9DB001AFD40 /* BurnSoftMath.h */ = {isa = PBXFileReference; fileEncoding = 4; lastKnownFileType = sourcecode.c.h; path = BurnSoftMath.h; sourceTree = "<group>"; };
		A52043F51D86F9DB001AFD40 /* BurnSoftMath.m */ = {isa = PBXFileReference; fileEncoding = 4; lastKnownFileType = sourcecode.c.objc; path = BurnSoftMath.m; sourceTree = "<group>"; };
		A53A25841E946A35006C4B8F /* ActionClass.h */ = {isa = PBXFileReference; fileEncoding = 4; lastKnownFileType = sourcecode.c.h; path = ActionClass.h; sourceTree = "<group>"; };
		A53A25851E946A35006C4B8F /* ActionClass.m */ = {isa = PBXFileReference; fileEncoding = 4; lastKnownFileType = sourcecode.c.objc; path = ActionClass.m; sourceTree = "<group>"; };
		A542B39A1EB40E9100CDA83F /* Parser.h */ = {isa = PBXFileReference; fileEncoding = 4; lastKnownFileType = sourcecode.c.h; path = Parser.h; sourceTree = "<group>"; };
		A542B39B1EB40E9100CDA83F /* Parser.m */ = {isa = PBXFileReference; fileEncoding = 4; lastKnownFileType = sourcecode.c.objc; path = Parser.m; sourceTree = "<group>"; };
		A54B57941E665A3300EFF9BA /* Foundation.framework */ = {isa = PBXFileReference; lastKnownFileType = wrapper.framework; name = Foundation.framework; path = System/Library/Frameworks/Foundation.framework; sourceTree = SDKROOT; };
		A55062001DD0D865001CF00C /* VIEW_SingleRemedyViewController.h */ = {isa = PBXFileReference; fileEncoding = 4; lastKnownFileType = sourcecode.c.h; path = VIEW_SingleRemedyViewController.h; sourceTree = "<group>"; };
		A55062011DD0D865001CF00C /* VIEW_SingleRemedyViewController.m */ = {isa = PBXFileReference; fileEncoding = 4; lastKnownFileType = sourcecode.c.objc; path = VIEW_SingleRemedyViewController.m; sourceTree = "<group>"; };
		A5652D881E3E5F290029EB7A /* Icon-57.png */ = {isa = PBXFileReference; lastKnownFileType = image.png; path = "Icon-57.png"; sourceTree = "<group>"; };
		A5652D891E3E5F290029EB7A /* Icon-57@2x.png */ = {isa = PBXFileReference; lastKnownFileType = image.png; path = "Icon-57@2x.png"; sourceTree = "<group>"; };
		A5652D8A1E3E5F290029EB7A /* Icon-notification-20.png */ = {isa = PBXFileReference; lastKnownFileType = image.png; path = "Icon-notification-20.png"; sourceTree = "<group>"; };
		A5652D8B1E3E5F290029EB7A /* Icon-notification-20@2x.png */ = {isa = PBXFileReference; lastKnownFileType = image.png; path = "Icon-notification-20@2x.png"; sourceTree = "<group>"; };
		A5652D8C1E3E5F290029EB7A /* Icon-notification-20@3x.png */ = {isa = PBXFileReference; lastKnownFileType = image.png; path = "Icon-notification-20@3x.png"; sourceTree = "<group>"; };
		A56C9DD5220C91100003600F /* BurnSoftFileSystem.h */ = {isa = PBXFileReference; fileEncoding = 4; lastKnownFileType = sourcecode.c.h; path = BurnSoftFileSystem.h; sourceTree = "<group>"; };
		A56C9DD6220C91100003600F /* BurnSoftFileSystem.m */ = {isa = PBXFileReference; fileEncoding = 4; lastKnownFileType = sourcecode.c.objc; path = BurnSoftFileSystem.m; sourceTree = "<group>"; };
		A56D7ACE21E2AB28008615EE /* systemBrown.png */ = {isa = PBXFileReference; lastKnownFileType = image.png; path = systemBrown.png; sourceTree = "<group>"; };
		A56D7F7C1E4110BE00FC91B9 /* SettingsiTunesBackupRestoreViewController.h */ = {isa = PBXFileReference; fileEncoding = 4; lastKnownFileType = sourcecode.c.h; path = SettingsiTunesBackupRestoreViewController.h; sourceTree = "<group>"; };
		A56D7F7D1E4110BE00FC91B9 /* SettingsiTunesBackupRestoreViewController.m */ = {isa = PBXFileReference; fileEncoding = 4; lastKnownFileType = sourcecode.c.objc; path = SettingsiTunesBackupRestoreViewController.m; sourceTree = "<group>"; };
		A573E1411EB7712000C11C71 /* AirDropHandler.h */ = {isa = PBXFileReference; fileEncoding = 4; lastKnownFileType = sourcecode.c.h; path = AirDropHandler.h; sourceTree = "<group>"; };
		A573E1421EB7712000C11C71 /* AirDropHandler.m */ = {isa = PBXFileReference; fileEncoding = 4; lastKnownFileType = sourcecode.c.objc; path = AirDropHandler.m; sourceTree = "<group>"; };
		A57BF9D81D6C96EC005D3113 /* FormFunctions.h */ = {isa = PBXFileReference; fileEncoding = 4; lastKnownFileType = sourcecode.c.h; path = FormFunctions.h; sourceTree = "<group>"; };
		A57BF9D91D6C96EC005D3113 /* FormFunctions.m */ = {isa = PBXFileReference; fileEncoding = 4; lastKnownFileType = sourcecode.c.objc; path = FormFunctions.m; sourceTree = "<group>"; };
		A5841ECC1D8D9C9000DCDC98 /* search.png */ = {isa = PBXFileReference; lastKnownFileType = image.png; path = search.png; sourceTree = "<group>"; };
		A5841ED01D8D9FDC00DCDC98 /* SearchViewController.h */ = {isa = PBXFileReference; fileEncoding = 4; lastKnownFileType = sourcecode.c.h; path = SearchViewController.h; sourceTree = "<group>"; };
		A5841ED11D8D9FDC00DCDC98 /* SearchViewController.m */ = {isa = PBXFileReference; fileEncoding = 4; lastKnownFileType = sourcecode.c.objc; path = SearchViewController.m; sourceTree = "<group>"; };
		A594288D1E19B88100D059BE /* PopUpOilSearchViewController.h */ = {isa = PBXFileReference; fileEncoding = 4; lastKnownFileType = sourcecode.c.h; path = PopUpOilSearchViewController.h; sourceTree = "<group>"; };
		A594288E1E19B88100D059BE /* PopUpOilSearchViewController.m */ = {isa = PBXFileReference; fileEncoding = 4; lastKnownFileType = sourcecode.c.objc; path = PopUpOilSearchViewController.m; sourceTree = "<group>"; };
		A59C1FB01D95949000A4E337 /* SearchDatabase.h */ = {isa = PBXFileReference; fileEncoding = 4; lastKnownFileType = sourcecode.c.h; path = SearchDatabase.h; sourceTree = "<group>"; };
		A59C1FB11D95949000A4E337 /* SearchDatabase.m */ = {isa = PBXFileReference; fileEncoding = 4; lastKnownFileType = sourcecode.c.objc; path = SearchDatabase.m; sourceTree = "<group>"; };
		A5A149CC1F5CE57A007B3371 /* lite_Icon-60.png */ = {isa = PBXFileReference; lastKnownFileType = image.png; path = "lite_Icon-60.png"; sourceTree = "<group>"; };
		A5A149CD1F5CE57A007B3371 /* lite_Icon-60@2x.png */ = {isa = PBXFileReference; lastKnownFileType = image.png; path = "lite_Icon-60@2x.png"; sourceTree = "<group>"; };
		A5A149CE1F5CE57A007B3371 /* lite_Icon-60@3x.png */ = {isa = PBXFileReference; lastKnownFileType = image.png; path = "lite_Icon-60@3x.png"; sourceTree = "<group>"; };
		A5A149CF1F5CE57A007B3371 /* lite_Icon-72.png */ = {isa = PBXFileReference; lastKnownFileType = image.png; path = "lite_Icon-72.png"; sourceTree = "<group>"; };
		A5A149D01F5CE57A007B3371 /* lite_Icon-72@2x.png */ = {isa = PBXFileReference; lastKnownFileType = image.png; path = "lite_Icon-72@2x.png"; sourceTree = "<group>"; };
		A5A149D11F5CE57A007B3371 /* lite_Icon-76.png */ = {isa = PBXFileReference; lastKnownFileType = image.png; path = "lite_Icon-76.png"; sourceTree = "<group>"; };
		A5A149D21F5CE57A007B3371 /* lite_Icon-76@2x.png */ = {isa = PBXFileReference; lastKnownFileType = image.png; path = "lite_Icon-76@2x.png"; sourceTree = "<group>"; };
		A5A149D31F5CE57A007B3371 /* lite_Icon-76@3x.png */ = {isa = PBXFileReference; lastKnownFileType = image.png; path = "lite_Icon-76@3x.png"; sourceTree = "<group>"; };
		A5A149D41F5CE57A007B3371 /* lite_Icon-iPadPro@2x.png */ = {isa = PBXFileReference; lastKnownFileType = image.png; path = "lite_Icon-iPadPro@2x.png"; sourceTree = "<group>"; };
		A5A149D51F5CE57A007B3371 /* lite_Icon-Small-50.png */ = {isa = PBXFileReference; lastKnownFileType = image.png; path = "lite_Icon-Small-50.png"; sourceTree = "<group>"; };
		A5A149D61F5CE57A007B3371 /* lite_Icon-Small-50@2x.png */ = {isa = PBXFileReference; lastKnownFileType = image.png; path = "lite_Icon-Small-50@2x.png"; sourceTree = "<group>"; };
		A5A149D71F5CE57A007B3371 /* lite_Icon-Small.png */ = {isa = PBXFileReference; lastKnownFileType = image.png; path = "lite_Icon-Small.png"; sourceTree = "<group>"; };
		A5A149D81F5CE57A007B3371 /* lite_Icon-Small@2x.png */ = {isa = PBXFileReference; lastKnownFileType = image.png; path = "lite_Icon-Small@2x.png"; sourceTree = "<group>"; };
		A5A149D91F5CE57A007B3371 /* lite_Icon-Small@3x.png */ = {isa = PBXFileReference; lastKnownFileType = image.png; path = "lite_Icon-Small@3x.png"; sourceTree = "<group>"; };
		A5A149DA1F5CE57A007B3371 /* lite_Icon-Spotlight-40.png */ = {isa = PBXFileReference; lastKnownFileType = image.png; path = "lite_Icon-Spotlight-40.png"; sourceTree = "<group>"; };
		A5A149DB1F5CE57A007B3371 /* lite_Icon-Spotlight-40@2x.png */ = {isa = PBXFileReference; lastKnownFileType = image.png; path = "lite_Icon-Spotlight-40@2x.png"; sourceTree = "<group>"; };
		A5A149DC1F5CE57A007B3371 /* lite_Icon-Spotlight-40@3x.png */ = {isa = PBXFileReference; lastKnownFileType = image.png; path = "lite_Icon-Spotlight-40@3x.png"; sourceTree = "<group>"; };
		A5A149DD1F5CE57A007B3371 /* lite_Icon.png */ = {isa = PBXFileReference; lastKnownFileType = image.png; path = lite_Icon.png; sourceTree = "<group>"; };
		A5A149DE1F5CE57A007B3371 /* lite_Icon@2x.png */ = {isa = PBXFileReference; lastKnownFileType = image.png; path = "lite_Icon@2x.png"; sourceTree = "<group>"; };
		A5A149DF1F5CE57A007B3371 /* lite_iTunesArtwork.png */ = {isa = PBXFileReference; lastKnownFileType = image.png; path = lite_iTunesArtwork.png; sourceTree = "<group>"; };
		A5A149E01F5CE57A007B3371 /* lite_iTunesArtwork@2x.png */ = {isa = PBXFileReference; lastKnownFileType = image.png; path = "lite_iTunesArtwork@2x.png"; sourceTree = "<group>"; };
		A5AA21A61D52377200B42F4A /* Add_RemedyViewController.h */ = {isa = PBXFileReference; fileEncoding = 4; lastKnownFileType = sourcecode.c.h; path = Add_RemedyViewController.h; sourceTree = "<group>"; };
		A5AA21A71D52377200B42F4A /* Add_RemedyViewController.m */ = {isa = PBXFileReference; fileEncoding = 4; lastKnownFileType = sourcecode.c.objc; path = Add_RemedyViewController.m; sourceTree = "<group>"; };
		A5AA21A91D52379300B42F4A /* VIEW_RemedyViewController.h */ = {isa = PBXFileReference; fileEncoding = 4; lastKnownFileType = sourcecode.c.h; path = VIEW_RemedyViewController.h; sourceTree = "<group>"; };
		A5AA21AA1D52379300B42F4A /* VIEW_RemedyViewController.m */ = {isa = PBXFileReference; fileEncoding = 4; lastKnownFileType = sourcecode.c.objc; path = VIEW_RemedyViewController.m; sourceTree = "<group>"; };
		A5AA21AC1D5237B800B42F4A /* EDIT_RemedyViewController.h */ = {isa = PBXFileReference; fileEncoding = 4; lastKnownFileType = sourcecode.c.h; path = EDIT_RemedyViewController.h; sourceTree = "<group>"; };
		A5AA21AD1D5237B800B42F4A /* EDIT_RemedyViewController.m */ = {isa = PBXFileReference; fileEncoding = 4; lastKnownFileType = sourcecode.c.objc; path = EDIT_RemedyViewController.m; sourceTree = "<group>"; };
		A5B02CEF1D8846A30004334B /* PopUpOilViewController.h */ = {isa = PBXFileReference; fileEncoding = 4; lastKnownFileType = sourcecode.c.h; path = PopUpOilViewController.h; sourceTree = "<group>"; };
		A5B02CF01D8846A30004334B /* PopUpOilViewController.m */ = {isa = PBXFileReference; fileEncoding = 4; lastKnownFileType = sourcecode.c.objc; path = PopUpOilViewController.m; sourceTree = "<group>"; };
		A5BDC4221E1715E600A98652 /* DBUpgrade.h */ = {isa = PBXFileReference; fileEncoding = 4; lastKnownFileType = sourcecode.c.h; path = DBUpgrade.h; sourceTree = "<group>"; };
		A5BDC4231E1715E600A98652 /* DBUpgrade.m */ = {isa = PBXFileReference; fileEncoding = 4; lastKnownFileType = sourcecode.c.objc; path = DBUpgrade.m; sourceTree = "<group>"; };
		A5C159511E3C13FC00F9864B /* My Essential Oil Remedies.entitlements */ = {isa = PBXFileReference; lastKnownFileType = text.plist.entitlements; path = "My Essential Oil Remedies.entitlements"; sourceTree = "<group>"; };
		A5C26B541D37BDB000476766 /* iphone.storyboard */ = {isa = PBXFileReference; fileEncoding = 4; lastKnownFileType = file.storyboard; path = iphone.storyboard; sourceTree = "<group>"; };
		A5C41FE61D94271700973340 /* SearchResultsViewController.h */ = {isa = PBXFileReference; fileEncoding = 4; lastKnownFileType = sourcecode.c.h; path = SearchResultsViewController.h; sourceTree = "<group>"; };
		A5C41FE71D94271700973340 /* SearchResultsViewController.m */ = {isa = PBXFileReference; fileEncoding = 4; lastKnownFileType = sourcecode.c.objc; path = SearchResultsViewController.m; sourceTree = "<group>"; };
		A5C4C2231D7F44710073CB2A /* MEO.db */ = {isa = PBXFileReference; lastKnownFileType = file; path = MEO.db; sourceTree = "<group>"; };
		A5CED4E41D26932000090560 /* EDIT_OilDetailViewController.h */ = {isa = PBXFileReference; fileEncoding = 4; lastKnownFileType = sourcecode.c.h; path = EDIT_OilDetailViewController.h; sourceTree = "<group>"; };
		A5CED4E51D26932000090560 /* EDIT_OilDetailViewController.m */ = {isa = PBXFileReference; fileEncoding = 4; lastKnownFileType = sourcecode.c.objc; path = EDIT_OilDetailViewController.m; sourceTree = "<group>"; };
		A5D255881D8B167500977619 /* close-icon.png */ = {isa = PBXFileReference; lastKnownFileType = image.png; path = "close-icon.png"; sourceTree = "<group>"; };
		A5E15F3A1D1862B40047055D /* VIEW_OilDetailsViewController.h */ = {isa = PBXFileReference; fileEncoding = 4; lastKnownFileType = sourcecode.c.h; path = VIEW_OilDetailsViewController.h; sourceTree = "<group>"; };
		A5E15F3B1D1862B40047055D /* VIEW_OilDetailsViewController.m */ = {isa = PBXFileReference; fileEncoding = 4; lastKnownFileType = sourcecode.c.objc; path = VIEW_OilDetailsViewController.m; sourceTree = "<group>"; };
		A5E15F3D1D1862D30047055D /* ADD_OilDetailsViewController.h */ = {isa = PBXFileReference; fileEncoding = 4; lastKnownFileType = sourcecode.c.h; path = ADD_OilDetailsViewController.h; sourceTree = "<group>"; };
		A5E15F3E1D1862D30047055D /* ADD_OilDetailsViewController.m */ = {isa = PBXFileReference; fileEncoding = 4; lastKnownFileType = sourcecode.c.objc; path = ADD_OilDetailsViewController.m; sourceTree = "<group>"; };
		A5E28E7E1D0B4FDD00052005 /* TBB_oils.png */ = {isa = PBXFileReference; lastKnownFileType = image.png; path = TBB_oils.png; sourceTree = "<group>"; };
		A5E28E7F1D0B4FDD00052005 /* TBB_oils@2x.png */ = {isa = PBXFileReference; lastKnownFileType = image.png; path = "TBB_oils@2x.png"; sourceTree = "<group>"; };
		A5E28E821D0B500700052005 /* TBB_remedies.png */ = {isa = PBXFileReference; lastKnownFileType = image.png; path = TBB_remedies.png; sourceTree = "<group>"; };
		A5E28E831D0B500700052005 /* TBB_remedies@2x.png */ = {isa = PBXFileReference; lastKnownFileType = image.png; path = "TBB_remedies@2x.png"; sourceTree = "<group>"; };
		A5E28E861D0B515300052005 /* Icon-60.png */ = {isa = PBXFileReference; lastKnownFileType = image.png; path = "Icon-60.png"; sourceTree = "<group>"; };
		A5E28E871D0B515300052005 /* Icon-60@2x.png */ = {isa = PBXFileReference; lastKnownFileType = image.png; path = "Icon-60@2x.png"; sourceTree = "<group>"; };
		A5E28E881D0B515300052005 /* Icon-60@3x.png */ = {isa = PBXFileReference; lastKnownFileType = image.png; path = "Icon-60@3x.png"; sourceTree = "<group>"; };
		A5E28E891D0B515300052005 /* Icon-76.png */ = {isa = PBXFileReference; lastKnownFileType = image.png; path = "Icon-76.png"; sourceTree = "<group>"; };
		A5E28E8A1D0B515300052005 /* Icon-76@2x.png */ = {isa = PBXFileReference; lastKnownFileType = image.png; path = "Icon-76@2x.png"; sourceTree = "<group>"; };
		A5E28E8B1D0B515300052005 /* Icon-76@3x.png */ = {isa = PBXFileReference; lastKnownFileType = image.png; path = "Icon-76@3x.png"; sourceTree = "<group>"; };
		A5E28E8C1D0B515300052005 /* Icon-iPadPro@2x.png */ = {isa = PBXFileReference; lastKnownFileType = image.png; path = "Icon-iPadPro@2x.png"; sourceTree = "<group>"; };
		A5E28E8D1D0B515300052005 /* Icon-Small.png */ = {isa = PBXFileReference; lastKnownFileType = image.png; path = "Icon-Small.png"; sourceTree = "<group>"; };
		A5E28E8E1D0B515300052005 /* Icon-Small@2x.png */ = {isa = PBXFileReference; lastKnownFileType = image.png; path = "Icon-Small@2x.png"; sourceTree = "<group>"; };
		A5E28E8F1D0B515300052005 /* Icon-Small@3x.png */ = {isa = PBXFileReference; lastKnownFileType = image.png; path = "Icon-Small@3x.png"; sourceTree = "<group>"; };
		A5E28E901D0B515300052005 /* Icon-Spotlight-40.png */ = {isa = PBXFileReference; lastKnownFileType = image.png; path = "Icon-Spotlight-40.png"; sourceTree = "<group>"; };
		A5E28E911D0B515300052005 /* Icon-Spotlight-40@2x.png */ = {isa = PBXFileReference; lastKnownFileType = image.png; path = "Icon-Spotlight-40@2x.png"; sourceTree = "<group>"; };
		A5E28E921D0B515300052005 /* Icon-Spotlight-40@3x.png */ = {isa = PBXFileReference; lastKnownFileType = image.png; path = "Icon-Spotlight-40@3x.png"; sourceTree = "<group>"; };
		A5E28E931D0B515300052005 /* iTunesArtwork */ = {isa = PBXFileReference; lastKnownFileType = file; path = iTunesArtwork; sourceTree = "<group>"; };
		A5E28E941D0B515300052005 /* iTunesArtwork@2x */ = {isa = PBXFileReference; lastKnownFileType = file; path = "iTunesArtwork@2x"; sourceTree = "<group>"; };
		A5F605211D1C45CD0059BF27 /* MYSettings.h */ = {isa = PBXFileReference; fileEncoding = 4; lastKnownFileType = sourcecode.c.h; path = MYSettings.h; sourceTree = "<group>"; };
		A5F605221D1C45CD0059BF27 /* MYSettings.m */ = {isa = PBXFileReference; fileEncoding = 4; lastKnownFileType = sourcecode.c.objc; path = MYSettings.m; sourceTree = "<group>"; };
		A5F605241D1C65340059BF27 /* MainStartViewController.h */ = {isa = PBXFileReference; fileEncoding = 4; lastKnownFileType = sourcecode.c.h; path = MainStartViewController.h; sourceTree = "<group>"; };
		A5F605251D1C65340059BF27 /* MainStartViewController.m */ = {isa = PBXFileReference; fileEncoding = 4; lastKnownFileType = sourcecode.c.objc; path = MainStartViewController.m; sourceTree = "<group>"; };
/* End PBXFileReference section */

/* Begin PBXFrameworksBuildPhase section */
		A505B02E1D09A76900800310 /* Frameworks */ = {
			isa = PBXFrameworksBuildPhase;
			buildActionMask = 2147483647;
			files = (
				A51FBC7A1F5CC00C001214B6 /* CloudKit.framework in Frameworks */,
				A54B57951E665A3300EFF9BA /* Foundation.framework in Frameworks */,
				A505B07A1D09A82600800310 /* libsqlite3.0.tbd in Frameworks */,
			);
			runOnlyForDeploymentPostprocessing = 0;
		};
		A51FBC421F5CBCF2001214B6 /* Frameworks */ = {
			isa = PBXFrameworksBuildPhase;
			buildActionMask = 2147483647;
			files = (
				A5A149C91F5CC491007B3371 /* CloudKit.framework in Frameworks */,
				A51FBC431F5CBCF2001214B6 /* Foundation.framework in Frameworks */,
				A51FBC441F5CBCF2001214B6 /* libsqlite3.0.tbd in Frameworks */,
			);
			runOnlyForDeploymentPostprocessing = 0;
		};
/* End PBXFrameworksBuildPhase section */

/* Begin PBXGroup section */
		A505B0281D09A76900800310 = {
			isa = PBXGroup;
			children = (
				A5C159511E3C13FC00F9864B /* My Essential Oil Remedies.entitlements */,
				A505B0331D09A76900800310 /* MyEssentialOilRemedies */,
				A505B0321D09A76900800310 /* Products */,
				A5C159521E3C153C00F9864B /* Frameworks */,
				A51FBC781F5CBCF2001214B6 /* My Essential Oil Remedies Lite.plist */,
			);
			sourceTree = "<group>";
		};
		A505B0321D09A76900800310 /* Products */ = {
			isa = PBXGroup;
			children = (
				A505B0311D09A76900800310 /* My Essential Oil Remedies.app */,
				A51FBC771F5CBCF2001214B6 /* My Essential Oil Remedies Lite.app */,
			);
			name = Products;
			sourceTree = "<group>";
		};
		A505B0331D09A76900800310 /* MyEssentialOilRemedies */ = {
			isa = PBXGroup;
			children = (
				A5E28E7D1D0B4FCE00052005 /* images */,
				A505B06B1D09A79500800310 /* Classes */,
				A505B06A1D09A77900800310 /* Form Classes */,
				A505B0371D09A76900800310 /* AppDelegate.h */,
				A505B0381D09A76900800310 /* AppDelegate.m */,
				A505B0431D09A76900800310 /* Assets.xcassets */,
				A505B0451D09A76900800310 /* LaunchScreen.storyboard */,
				A505B0481D09A76900800310 /* Info.plist */,
				A505B0341D09A76900800310 /* Supporting Files */,
				A5C26B541D37BDB000476766 /* iphone.storyboard */,
			);
			path = MyEssentialOilRemedies;
			sourceTree = "<group>";
		};
		A505B0341D09A76900800310 /* Supporting Files */ = {
			isa = PBXGroup;
			children = (
				A5C4C2231D7F44710073CB2A /* MEO.db */,
				A505B0791D09A82600800310 /* libsqlite3.0.tbd */,
				A505B06E1D09A7B400800310 /* include */,
				A505B0351D09A76900800310 /* main.m */,
			);
			name = "Supporting Files";
			sourceTree = "<group>";
		};
		A505B06A1D09A77900800310 /* Form Classes */ = {
			isa = PBXGroup;
			children = (
				A515BA0020E7FED9009F4845 /* ReOrder */,
				A5841ECF1D8D9CB900DCDC98 /* Search */,
				A5841ECE1D8D9CAA00DCDC98 /* Settings */,
				A5F605281D1C6FAB0059BF27 /* Oils */,
				A5F605271D1C6F930059BF27 /* OilRemedies */,
				A5F605241D1C65340059BF27 /* MainStartViewController.h */,
				A5F605251D1C65340059BF27 /* MainStartViewController.m */,
			);
			name = "Form Classes";
			sourceTree = "<group>";
		};
		A505B06B1D09A79500800310 /* Classes */ = {
			isa = PBXGroup;
			children = (
				A505B0761D09A7F700800310 /* OilRemedies.h */,
				A505B0771D09A7F700800310 /* OilRemedies.m */,
				A505B07E1D09DD9600800310 /* OilLists.h */,
				A505B07F1D09DD9600800310 /* OilLists.m */,
				A5F605211D1C45CD0059BF27 /* MYSettings.h */,
				A5F605221D1C45CD0059BF27 /* MYSettings.m */,
				A57BF9D81D6C96EC005D3113 /* FormFunctions.h */,
				A57BF9D91D6C96EC005D3113 /* FormFunctions.m */,
				A59C1FB01D95949000A4E337 /* SearchDatabase.h */,
				A59C1FB11D95949000A4E337 /* SearchDatabase.m */,
				A5BDC4221E1715E600A98652 /* DBUpgrade.h */,
				A5BDC4231E1715E600A98652 /* DBUpgrade.m */,
				A50AF6F71E401C2A00CC4754 /* DatabaseManagement.h */,
				A50AF6F81E401C2A00CC4754 /* DatabaseManagement.m */,
				A53A25841E946A35006C4B8F /* ActionClass.h */,
				A53A25851E946A35006C4B8F /* ActionClass.m */,
				A542B39A1EB40E9100CDA83F /* Parser.h */,
				A542B39B1EB40E9100CDA83F /* Parser.m */,
				A573E1411EB7712000C11C71 /* AirDropHandler.h */,
				A573E1421EB7712000C11C71 /* AirDropHandler.m */,
			);
			name = Classes;
			sourceTree = "<group>";
		};
		A505B06E1D09A7B400800310 /* include */ = {
			isa = PBXGroup;
			children = (
				A5CC047E1D79C36200CBD404 /* BurnSoftDatabase */,
				A505B06F1D09A7B400800310 /* BurnSoftGeneral */,
			);
			path = include;
			sourceTree = "<group>";
		};
		A505B06F1D09A7B400800310 /* BurnSoftGeneral */ = {
			isa = PBXGroup;
			children = (
				A56C9DD5220C91100003600F /* BurnSoftFileSystem.h */,
				A56C9DD6220C91100003600F /* BurnSoftFileSystem.m */,
				A52043F21D86F9DB001AFD40 /* BurnSoftGeneral.h */,
				A52043F31D86F9DB001AFD40 /* BurnSoftGeneral.m */,
				A52043F41D86F9DB001AFD40 /* BurnSoftMath.h */,
				A52043F51D86F9DB001AFD40 /* BurnSoftMath.m */,
			);
			path = BurnSoftGeneral;
			sourceTree = "<group>";
		};
		A515BA0020E7FED9009F4845 /* ReOrder */ = {
			isa = PBXGroup;
			children = (
				A515BA0120E7FF2F009F4845 /* List_ReOrderTableViewController.h */,
				A515BA0220E7FF2F009F4845 /* List_ReOrderTableViewController.m */,
			);
			name = ReOrder;
			sourceTree = "<group>";
		};
		A5841ECE1D8D9CAA00DCDC98 /* Settings */ = {
			isa = PBXGroup;
			children = (
				A50CF9571D75BB4A0037C7CD /* SettingsViewController.h */,
				A50CF9581D75BB4A0037C7CD /* SettingsViewController.m */,
				A56D7F7C1E4110BE00FC91B9 /* SettingsiTunesBackupRestoreViewController.h */,
				A56D7F7D1E4110BE00FC91B9 /* SettingsiTunesBackupRestoreViewController.m */,
			);
			name = Settings;
			sourceTree = "<group>";
		};
		A5841ECF1D8D9CB900DCDC98 /* Search */ = {
			isa = PBXGroup;
			children = (
				A55062001DD0D865001CF00C /* VIEW_SingleRemedyViewController.h */,
				A55062011DD0D865001CF00C /* VIEW_SingleRemedyViewController.m */,
				A5841ED01D8D9FDC00DCDC98 /* SearchViewController.h */,
				A5841ED11D8D9FDC00DCDC98 /* SearchViewController.m */,
				A5C41FE61D94271700973340 /* SearchResultsViewController.h */,
				A5C41FE71D94271700973340 /* SearchResultsViewController.m */,
				A594288D1E19B88100D059BE /* PopUpOilSearchViewController.h */,
				A594288E1E19B88100D059BE /* PopUpOilSearchViewController.m */,
			);
			name = Search;
			sourceTree = "<group>";
		};
		A5A149CB1F5CE57A007B3371 /* lite */ = {
			isa = PBXGroup;
			children = (
				A5A149CC1F5CE57A007B3371 /* lite_Icon-60.png */,
				A5A149CD1F5CE57A007B3371 /* lite_Icon-60@2x.png */,
				A5A149CE1F5CE57A007B3371 /* lite_Icon-60@3x.png */,
				A5A149CF1F5CE57A007B3371 /* lite_Icon-72.png */,
				A5A149D01F5CE57A007B3371 /* lite_Icon-72@2x.png */,
				A5A149D11F5CE57A007B3371 /* lite_Icon-76.png */,
				A5A149D21F5CE57A007B3371 /* lite_Icon-76@2x.png */,
				A5A149D31F5CE57A007B3371 /* lite_Icon-76@3x.png */,
				A5A149D41F5CE57A007B3371 /* lite_Icon-iPadPro@2x.png */,
				A5A149D51F5CE57A007B3371 /* lite_Icon-Small-50.png */,
				A5A149D61F5CE57A007B3371 /* lite_Icon-Small-50@2x.png */,
				A5A149D71F5CE57A007B3371 /* lite_Icon-Small.png */,
				A5A149D81F5CE57A007B3371 /* lite_Icon-Small@2x.png */,
				A5A149D91F5CE57A007B3371 /* lite_Icon-Small@3x.png */,
				A5A149DA1F5CE57A007B3371 /* lite_Icon-Spotlight-40.png */,
				A5A149DB1F5CE57A007B3371 /* lite_Icon-Spotlight-40@2x.png */,
				A5A149DC1F5CE57A007B3371 /* lite_Icon-Spotlight-40@3x.png */,
				A5A149DD1F5CE57A007B3371 /* lite_Icon.png */,
				A5A149DE1F5CE57A007B3371 /* lite_Icon@2x.png */,
				A5A149DF1F5CE57A007B3371 /* lite_iTunesArtwork.png */,
				A5A149E01F5CE57A007B3371 /* lite_iTunesArtwork@2x.png */,
			);
			path = lite;
			sourceTree = "<group>";
		};
		A5C159521E3C153C00F9864B /* Frameworks */ = {
			isa = PBXGroup;
			children = (
				A51FBC791F5CC00C001214B6 /* CloudKit.framework */,
				A54B57941E665A3300EFF9BA /* Foundation.framework */,
			);
			name = Frameworks;
			sourceTree = "<group>";
		};
		A5CC047E1D79C36200CBD404 /* BurnSoftDatabase */ = {
			isa = PBXGroup;
			children = (
				A52043EF1D86F995001AFD40 /* BurnSoftDatabase.h */,
				A52043F01D86F995001AFD40 /* BurnSoftDatabase.m */,
			);
			path = BurnSoftDatabase;
			sourceTree = "<group>";
		};
		A5E28E7D1D0B4FCE00052005 /* images */ = {
			isa = PBXGroup;
			children = (
				A56D7ACE21E2AB28008615EE /* systemBrown.png */,
				A509C2FD21AAF76400E0BF04 /* Background2.png */,
				A509C2FA21AAF2C700E0BF04 /* Background.png */,
				A515BA1920E84329009F4845 /* cart-plus.png */,
				A515BA1620E84328009F4845 /* cart-plus@2x.png */,
				A515BA1720E84329009F4845 /* TBB_cart-plus.png */,
				A515BA1820E84329009F4845 /* TBB_cart-plus@2x.png */,
				A5A149CB1F5CE57A007B3371 /* lite */,
				A5652D881E3E5F290029EB7A /* Icon-57.png */,
				A5652D891E3E5F290029EB7A /* Icon-57@2x.png */,
				A5652D8A1E3E5F290029EB7A /* Icon-notification-20.png */,
				A5652D8B1E3E5F290029EB7A /* Icon-notification-20@2x.png */,
				A5652D8C1E3E5F290029EB7A /* Icon-notification-20@3x.png */,
				A5033F261E3D3DEF00D22B7D /* iPad_Icon-72.png */,
				A5033F271E3D3DEF00D22B7D /* iPad_Icon-72@2x.png */,
				A5033F281E3D3DEF00D22B7D /* iPad_Icon-76.png */,
				A5033F291E3D3DEF00D22B7D /* iPad_Icon-76@2x.png */,
				A5033F2A1E3D3DEF00D22B7D /* iPad_Icon-76@3x.png */,
				A5033F2B1E3D3DEF00D22B7D /* iPad_Icon-iPadPro@2x.png */,
				A5033F2C1E3D3DEF00D22B7D /* iPad_Icon-Small-50.png */,
				A5033F2D1E3D3DEF00D22B7D /* iPad_Icon-Small-50@2x.png */,
				A5033F2E1E3D3DEF00D22B7D /* iPad_Icon-Small.png */,
				A5033F2F1E3D3DEF00D22B7D /* iPad_Icon-Small@2x.png */,
				A5033F301E3D3DEF00D22B7D /* iPad_Icon-Small@3x.png */,
				A5033F311E3D3DEF00D22B7D /* iPad_Icon-Spotlight-40.png */,
				A5033F321E3D3DEF00D22B7D /* iPad_Icon-Spotlight-40@2x.png */,
				A5033F331E3D3DEF00D22B7D /* iPad_Icon-Spotlight-40@3x.png */,
				A5841ECC1D8D9C9000DCDC98 /* search.png */,
				A5D255881D8B167500977619 /* close-icon.png */,
				A50CF95A1D75C2E10037C7CD /* gear.png */,
				A5E28E861D0B515300052005 /* Icon-60.png */,
				A5E28E871D0B515300052005 /* Icon-60@2x.png */,
				A5E28E881D0B515300052005 /* Icon-60@3x.png */,
				A5E28E891D0B515300052005 /* Icon-76.png */,
				A5E28E8A1D0B515300052005 /* Icon-76@2x.png */,
				A5E28E8B1D0B515300052005 /* Icon-76@3x.png */,
				A5E28E8C1D0B515300052005 /* Icon-iPadPro@2x.png */,
				A5E28E8D1D0B515300052005 /* Icon-Small.png */,
				A5E28E8E1D0B515300052005 /* Icon-Small@2x.png */,
				A5E28E8F1D0B515300052005 /* Icon-Small@3x.png */,
				A5E28E901D0B515300052005 /* Icon-Spotlight-40.png */,
				A5E28E911D0B515300052005 /* Icon-Spotlight-40@2x.png */,
				A5E28E921D0B515300052005 /* Icon-Spotlight-40@3x.png */,
				A5E28E931D0B515300052005 /* iTunesArtwork */,
				A5E28E941D0B515300052005 /* iTunesArtwork@2x */,
				A5E28E821D0B500700052005 /* TBB_remedies.png */,
				A5E28E831D0B500700052005 /* TBB_remedies@2x.png */,
				A5E28E7E1D0B4FDD00052005 /* TBB_oils.png */,
				A5E28E7F1D0B4FDD00052005 /* TBB_oils@2x.png */,
			);
			name = images;
			sourceTree = "<group>";
		};
		A5F605271D1C6F930059BF27 /* OilRemedies */ = {
			isa = PBXGroup;
			children = (
				A505B07C1D09AB5E00800310 /* LIST_OilRemediesViewController.m */,
				A505B07B1D09AB5E00800310 /* LIST_OilRemediesViewController.h */,
				A5AA21A61D52377200B42F4A /* Add_RemedyViewController.h */,
				A5AA21A71D52377200B42F4A /* Add_RemedyViewController.m */,
				A5AA21A91D52379300B42F4A /* VIEW_RemedyViewController.h */,
				A5AA21AA1D52379300B42F4A /* VIEW_RemedyViewController.m */,
				A5AA21AC1D5237B800B42F4A /* EDIT_RemedyViewController.h */,
				A5AA21AD1D5237B800B42F4A /* EDIT_RemedyViewController.m */,
				A5B02CEF1D8846A30004334B /* PopUpOilViewController.h */,
				A5B02CF01D8846A30004334B /* PopUpOilViewController.m */,
			);
			name = OilRemedies;
			sourceTree = "<group>";
		};
		A5F605281D1C6FAB0059BF27 /* Oils */ = {
			isa = PBXGroup;
			children = (
				A5E15F3E1D1862D30047055D /* ADD_OilDetailsViewController.m */,
				A5E15F3D1D1862D30047055D /* ADD_OilDetailsViewController.h */,
				A5E15F3B1D1862B40047055D /* VIEW_OilDetailsViewController.m */,
				A5E15F3A1D1862B40047055D /* VIEW_OilDetailsViewController.h */,
				A505B0821D09ED3F00800310 /* LIST_OilsTableViewController.m */,
				A505B0811D09ED3F00800310 /* LIST_OilsTableViewController.h */,
				A5CED4E41D26932000090560 /* EDIT_OilDetailViewController.h */,
				A5CED4E51D26932000090560 /* EDIT_OilDetailViewController.m */,
			);
			name = Oils;
			sourceTree = "<group>";
		};
/* End PBXGroup section */

/* Begin PBXNativeTarget section */
		A505B0301D09A76900800310 /* My Essential Oil Remedies */ = {
			isa = PBXNativeTarget;
			buildConfigurationList = A505B0611D09A76900800310 /* Build configuration list for PBXNativeTarget "My Essential Oil Remedies" */;
			buildPhases = (
				A505B02D1D09A76900800310 /* Sources */,
				A505B02E1D09A76900800310 /* Frameworks */,
				A505B02F1D09A76900800310 /* Resources */,
			);
			buildRules = (
			);
			dependencies = (
			);
			name = "My Essential Oil Remedies";
			productName = MyEssentialOilRemedies;
			productReference = A505B0311D09A76900800310 /* My Essential Oil Remedies.app */;
			productType = "com.apple.product-type.application";
		};
		A51FBC201F5CBCF2001214B6 /* My Essential Oil Remedies Lite */ = {
			isa = PBXNativeTarget;
			buildConfigurationList = A51FBC741F5CBCF2001214B6 /* Build configuration list for PBXNativeTarget "My Essential Oil Remedies Lite" */;
			buildPhases = (
				A51FBC211F5CBCF2001214B6 /* Sources */,
				A51FBC421F5CBCF2001214B6 /* Frameworks */,
				A51FBC461F5CBCF2001214B6 /* Resources */,
			);
			buildRules = (
			);
			dependencies = (
			);
			name = "My Essential Oil Remedies Lite";
			productName = MyEssentialOilRemedies;
			productReference = A51FBC771F5CBCF2001214B6 /* My Essential Oil Remedies Lite.app */;
			productType = "com.apple.product-type.application";
		};
/* End PBXNativeTarget section */

/* Begin PBXProject section */
		A505B0291D09A76900800310 /* Project object */ = {
			isa = PBXProject;
			attributes = {
				LastUpgradeCheck = 1020;
				ORGANIZATIONNAME = burnsoft;
				TargetAttributes = {
					A505B0301D09A76900800310 = {
						CreatedOnToolsVersion = 7.3.1;
						DevelopmentTeam = MF94VYSKL4;
						SystemCapabilities = {
							com.apple.BackgroundModes = {
								enabled = 1;
							};
							com.apple.Push = {
								enabled = 1;
							};
							com.apple.iCloud = {
								enabled = 1;
							};
						};
					};
					A51FBC201F5CBCF2001214B6 = {
						DevelopmentTeam = MF94VYSKL4;
						SystemCapabilities = {
							com.apple.iCloud = {
								enabled = 1;
							};
						};
					};
				};
			};
			buildConfigurationList = A505B02C1D09A76900800310 /* Build configuration list for PBXProject "MyEssentialOilRemedies" */;
			compatibilityVersion = "Xcode 3.2";
			developmentRegion = en;
			hasScannedForEncodings = 0;
			knownRegions = (
				en,
				Base,
			);
			mainGroup = A505B0281D09A76900800310;
			productRefGroup = A505B0321D09A76900800310 /* Products */;
			projectDirPath = "";
			projectRoot = "";
			targets = (
				A505B0301D09A76900800310 /* My Essential Oil Remedies */,
				A51FBC201F5CBCF2001214B6 /* My Essential Oil Remedies Lite */,
			);
		};
/* End PBXProject section */

/* Begin PBXResourcesBuildPhase section */
		A505B02F1D09A76900800310 /* Resources */ = {
			isa = PBXResourcesBuildPhase;
			buildActionMask = 2147483647;
			files = (
				A57CB7C41D805F7700380B23 /* MEO.db in Resources */,
				A5E28E841D0B500700052005 /* TBB_remedies.png in Resources */,
				A5033F391E3D3DEF00D22B7D /* iPad_Icon-iPadPro@2x.png in Resources */,
				A515BA1C20E8432A009F4845 /* TBB_cart-plus@2x.png in Resources */,
				A50CF95B1D75C2E10037C7CD /* gear.png in Resources */,
				A5033F411E3D3DEF00D22B7D /* iPad_Icon-Spotlight-40@3x.png in Resources */,
				A5033F3D1E3D3DEF00D22B7D /* iPad_Icon-Small@2x.png in Resources */,
				A5E28E851D0B500700052005 /* TBB_remedies@2x.png in Resources */,
				A5C26B551D37BDB000476766 /* iphone.storyboard in Resources */,
				A5652D901E3E5F290029EB7A /* Icon-notification-20@2x.png in Resources */,
				A5652D911E3E5F290029EB7A /* Icon-notification-20@3x.png in Resources */,
				A5652D8F1E3E5F290029EB7A /* Icon-notification-20.png in Resources */,
				A5E28EA01D0B515300052005 /* Icon-Spotlight-40@2x.png in Resources */,
				A5E28E951D0B515300052005 /* Icon-60.png in Resources */,
				A505B0471D09A76900800310 /* LaunchScreen.storyboard in Resources */,
				A5E28E801D0B4FDD00052005 /* TBB_oils.png in Resources */,
				A5033F351E3D3DEF00D22B7D /* iPad_Icon-72@2x.png in Resources */,
				A515BA1A20E8432A009F4845 /* cart-plus@2x.png in Resources */,
				A5652D8E1E3E5F290029EB7A /* Icon-57@2x.png in Resources */,
				A5E28E961D0B515300052005 /* Icon-60@2x.png in Resources */,
				A5E28E981D0B515300052005 /* Icon-76.png in Resources */,
				A515BA1B20E8432A009F4845 /* TBB_cart-plus.png in Resources */,
				A5E28EA31D0B515300052005 /* iTunesArtwork@2x in Resources */,
				A5E28E971D0B515300052005 /* Icon-60@3x.png in Resources */,
				A5E28E9C1D0B515300052005 /* Icon-Small.png in Resources */,
				A5033F3B1E3D3DEF00D22B7D /* iPad_Icon-Small-50@2x.png in Resources */,
				A5D255891D8B167500977619 /* close-icon.png in Resources */,
				A5033F3A1E3D3DEF00D22B7D /* iPad_Icon-Small-50.png in Resources */,
				A5033F401E3D3DEF00D22B7D /* iPad_Icon-Spotlight-40@2x.png in Resources */,
				A5652D8D1E3E5F290029EB7A /* Icon-57.png in Resources */,
				A5033F341E3D3DEF00D22B7D /* iPad_Icon-72.png in Resources */,
				A5033F3F1E3D3DEF00D22B7D /* iPad_Icon-Spotlight-40.png in Resources */,
				A5033F381E3D3DEF00D22B7D /* iPad_Icon-76@3x.png in Resources */,
				A505B0441D09A76900800310 /* Assets.xcassets in Resources */,
				A515BA1D20E8432A009F4845 /* cart-plus.png in Resources */,
				A5E28E9F1D0B515300052005 /* Icon-Spotlight-40.png in Resources */,
				A509C2FE21AAF76400E0BF04 /* Background2.png in Resources */,
				A5E28EA11D0B515300052005 /* Icon-Spotlight-40@3x.png in Resources */,
				A5E28E9E1D0B515300052005 /* Icon-Small@3x.png in Resources */,
				A5E28E9A1D0B515300052005 /* Icon-76@3x.png in Resources */,
				A5033F3E1E3D3DEF00D22B7D /* iPad_Icon-Small@3x.png in Resources */,
				A5E28EA21D0B515300052005 /* iTunesArtwork in Resources */,
				A5841ECD1D8D9C9000DCDC98 /* search.png in Resources */,
				A5033F361E3D3DEF00D22B7D /* iPad_Icon-76.png in Resources */,
				A5033F371E3D3DEF00D22B7D /* iPad_Icon-76@2x.png in Resources */,
				A5E28E9B1D0B515300052005 /* Icon-iPadPro@2x.png in Resources */,
				A5E28E9D1D0B515300052005 /* Icon-Small@2x.png in Resources */,
				A56D7ACF21E2AB28008615EE /* systemBrown.png in Resources */,
				A5E28E991D0B515300052005 /* Icon-76@2x.png in Resources */,
				A509C2FB21AAF2C700E0BF04 /* Background.png in Resources */,
				A5033F3C1E3D3DEF00D22B7D /* iPad_Icon-Small.png in Resources */,
				A5E28E811D0B4FDD00052005 /* TBB_oils@2x.png in Resources */,
			);
			runOnlyForDeploymentPostprocessing = 0;
		};
		A51FBC461F5CBCF2001214B6 /* Resources */ = {
			isa = PBXResourcesBuildPhase;
			buildActionMask = 2147483647;
			files = (
				A51FBC471F5CBCF2001214B6 /* MEO.db in Resources */,
				A51FBC481F5CBCF2001214B6 /* TBB_remedies.png in Resources */,
				A5A149EB1F5CE57A007B3371 /* lite_Icon-Small-50@2x.png in Resources */,
				A5A149EA1F5CE57A007B3371 /* lite_Icon-Small-50.png in Resources */,
				A51FBC491F5CBCF2001214B6 /* iPad_Icon-iPadPro@2x.png in Resources */,
				A51FBC4A1F5CBCF2001214B6 /* gear.png in Resources */,
				A51FBC4B1F5CBCF2001214B6 /* iPad_Icon-Spotlight-40@3x.png in Resources */,
				A5A149F11F5CE57A007B3371 /* lite_Icon-Spotlight-40@3x.png in Resources */,
				A51FBC4C1F5CBCF2001214B6 /* iPad_Icon-Small@2x.png in Resources */,
				A5A149EE1F5CE57A007B3371 /* lite_Icon-Small@3x.png in Resources */,
				A51FBC4D1F5CBCF2001214B6 /* TBB_remedies@2x.png in Resources */,
				A51FBC4E1F5CBCF2001214B6 /* iphone.storyboard in Resources */,
				A51FBC4F1F5CBCF2001214B6 /* Icon-notification-20@2x.png in Resources */,
				A5A149F51F5CE57A007B3371 /* lite_iTunesArtwork@2x.png in Resources */,
				A51FBC501F5CBCF2001214B6 /* Icon-notification-20@3x.png in Resources */,
				A51FBC511F5CBCF2001214B6 /* Icon-notification-20.png in Resources */,
				A51FBC521F5CBCF2001214B6 /* Icon-Spotlight-40@2x.png in Resources */,
				A5A149E81F5CE57A007B3371 /* lite_Icon-76@3x.png in Resources */,
				A51FBC531F5CBCF2001214B6 /* Icon-60.png in Resources */,
				A51FBC541F5CBCF2001214B6 /* LaunchScreen.storyboard in Resources */,
				A51FBC551F5CBCF2001214B6 /* TBB_oils.png in Resources */,
				A51FBC561F5CBCF2001214B6 /* iPad_Icon-72@2x.png in Resources */,
				A51FBC571F5CBCF2001214B6 /* Icon-57@2x.png in Resources */,
				A51FBC581F5CBCF2001214B6 /* Icon-60@2x.png in Resources */,
				A51FBC591F5CBCF2001214B6 /* Icon-76.png in Resources */,
				A51FBC5A1F5CBCF2001214B6 /* iTunesArtwork@2x in Resources */,
				A5A149ED1F5CE57A007B3371 /* lite_Icon-Small@2x.png in Resources */,
				A51FBC5B1F5CBCF2001214B6 /* Icon-60@3x.png in Resources */,
				A51FBC5C1F5CBCF2001214B6 /* Icon-Small.png in Resources */,
				A51FBC5D1F5CBCF2001214B6 /* iPad_Icon-Small-50@2x.png in Resources */,
				A51FBC5E1F5CBCF2001214B6 /* close-icon.png in Resources */,
				A5A149E31F5CE57A007B3371 /* lite_Icon-60@3x.png in Resources */,
				A56D7AD021E2AB28008615EE /* systemBrown.png in Resources */,
				A51FBC5F1F5CBCF2001214B6 /* iPad_Icon-Small-50.png in Resources */,
				A5A149EC1F5CE57A007B3371 /* lite_Icon-Small.png in Resources */,
				A5A149F41F5CE57A007B3371 /* lite_iTunesArtwork.png in Resources */,
				A5A149E41F5CE57A007B3371 /* lite_Icon-72.png in Resources */,
				A509C2FF21AAF76400E0BF04 /* Background2.png in Resources */,
				A51FBC601F5CBCF2001214B6 /* iPad_Icon-Spotlight-40@2x.png in Resources */,
				A51FBC611F5CBCF2001214B6 /* Icon-57.png in Resources */,
				A5A149E61F5CE57A007B3371 /* lite_Icon-76.png in Resources */,
				A51FBC621F5CBCF2001214B6 /* iPad_Icon-72.png in Resources */,
				A51FBC631F5CBCF2001214B6 /* iPad_Icon-Spotlight-40.png in Resources */,
				A51FBC641F5CBCF2001214B6 /* iPad_Icon-76@3x.png in Resources */,
				A5A149E51F5CE57A007B3371 /* lite_Icon-72@2x.png in Resources */,
				A509C2FC21AAF2C700E0BF04 /* Background.png in Resources */,
				A51FBC651F5CBCF2001214B6 /* Assets.xcassets in Resources */,
				A51FBC661F5CBCF2001214B6 /* Icon-Spotlight-40.png in Resources */,
				A51FBC671F5CBCF2001214B6 /* Icon-Spotlight-40@3x.png in Resources */,
				A5A149E21F5CE57A007B3371 /* lite_Icon-60@2x.png in Resources */,
				A5A149EF1F5CE57A007B3371 /* lite_Icon-Spotlight-40.png in Resources */,
				A51FBC691F5CBCF2001214B6 /* Icon-76@3x.png in Resources */,
				A56787D72127A211008168C2 /* cart-plus.png in Resources */,
				A51FBC6A1F5CBCF2001214B6 /* iPad_Icon-Small@3x.png in Resources */,
				A5A149F31F5CE57A007B3371 /* lite_Icon@2x.png in Resources */,
				A56787D62127A20E008168C2 /* cart-plus@2x.png in Resources */,
				A5A149F01F5CE57A007B3371 /* lite_Icon-Spotlight-40@2x.png in Resources */,
				A5A149E11F5CE57A007B3371 /* lite_Icon-60.png in Resources */,
				A5A149E71F5CE57A007B3371 /* lite_Icon-76@2x.png in Resources */,
				A51FBC6B1F5CBCF2001214B6 /* iTunesArtwork in Resources */,
				A51FBC6C1F5CBCF2001214B6 /* search.png in Resources */,
				A5A149F21F5CE57A007B3371 /* lite_Icon.png in Resources */,
				A51FBC6D1F5CBCF2001214B6 /* iPad_Icon-76.png in Resources */,
				A5A149E91F5CE57A007B3371 /* lite_Icon-iPadPro@2x.png in Resources */,
				A51FBC6E1F5CBCF2001214B6 /* iPad_Icon-76@2x.png in Resources */,
				A51FBC701F5CBCF2001214B6 /* Icon-Small@2x.png in Resources */,
				A51FBC711F5CBCF2001214B6 /* Icon-76@2x.png in Resources */,
				A51FBC721F5CBCF2001214B6 /* iPad_Icon-Small.png in Resources */,
				A51FBC731F5CBCF2001214B6 /* TBB_oils@2x.png in Resources */,
			);
			runOnlyForDeploymentPostprocessing = 0;
		};
/* End PBXResourcesBuildPhase section */

/* Begin PBXSourcesBuildPhase section */
		A505B02D1D09A76900800310 /* Sources */ = {
			isa = PBXSourcesBuildPhase;
			buildActionMask = 2147483647;
			files = (
				A55062021DD0D865001CF00C /* VIEW_SingleRemedyViewController.m in Sources */,
				A5CED4E61D26932000090560 /* EDIT_OilDetailViewController.m in Sources */,
				A56D7F7E1E4110BE00FC91B9 /* SettingsiTunesBackupRestoreViewController.m in Sources */,
				A505B07D1D09AB5E00800310 /* LIST_OilRemediesViewController.m in Sources */,
				A505B0781D09A7F700800310 /* OilRemedies.m in Sources */,
				A5AA21AB1D52379300B42F4A /* VIEW_RemedyViewController.m in Sources */,
				A57BF9DA1D6C96EC005D3113 /* FormFunctions.m in Sources */,
				A5F605261D1C65340059BF27 /* MainStartViewController.m in Sources */,
				A59C1FB21D95949000A4E337 /* SearchDatabase.m in Sources */,
				A505B0801D09DD9600800310 /* OilLists.m in Sources */,
				A52043F11D86F995001AFD40 /* BurnSoftDatabase.m in Sources */,
				A5841ED21D8D9FDC00DCDC98 /* SearchViewController.m in Sources */,
				A505B0391D09A76900800310 /* AppDelegate.m in Sources */,
				A5F605231D1C45CD0059BF27 /* MYSettings.m in Sources */,
				A5B02CF11D8846A30004334B /* PopUpOilViewController.m in Sources */,
				A56C9DD7220C91100003600F /* BurnSoftFileSystem.m in Sources */,
				A542B39C1EB40E9100CDA83F /* Parser.m in Sources */,
				A5BDC4241E1715E600A98652 /* DBUpgrade.m in Sources */,
				A50CF9591D75BB4A0037C7CD /* SettingsViewController.m in Sources */,
				A505B0361D09A76900800310 /* main.m in Sources */,
				A53A25861E946A35006C4B8F /* ActionClass.m in Sources */,
				A573E1431EB7712000C11C71 /* AirDropHandler.m in Sources */,
				A50AF6F91E401C2A00CC4754 /* DatabaseManagement.m in Sources */,
				A5E15F3C1D1862B40047055D /* VIEW_OilDetailsViewController.m in Sources */,
				A5AA21AE1D5237B800B42F4A /* EDIT_RemedyViewController.m in Sources */,
				A5AA21A81D52377200B42F4A /* Add_RemedyViewController.m in Sources */,
				A594288F1E19B88100D059BE /* PopUpOilSearchViewController.m in Sources */,
				A515BA0320E7FF2F009F4845 /* List_ReOrderTableViewController.m in Sources */,
				A52043F61D86F9DB001AFD40 /* BurnSoftGeneral.m in Sources */,
				A5E15F3F1D1862D30047055D /* ADD_OilDetailsViewController.m in Sources */,
				A52043F71D86F9DB001AFD40 /* BurnSoftMath.m in Sources */,
				A5C41FE81D94271700973340 /* SearchResultsViewController.m in Sources */,
				A505B0831D09ED3F00800310 /* LIST_OilsTableViewController.m in Sources */,
			);
			runOnlyForDeploymentPostprocessing = 0;
		};
		A51FBC211F5CBCF2001214B6 /* Sources */ = {
			isa = PBXSourcesBuildPhase;
			buildActionMask = 2147483647;
			files = (
				A51FBC221F5CBCF2001214B6 /* VIEW_SingleRemedyViewController.m in Sources */,
				A51FBC231F5CBCF2001214B6 /* EDIT_OilDetailViewController.m in Sources */,
				A51FBC241F5CBCF2001214B6 /* SettingsiTunesBackupRestoreViewController.m in Sources */,
				A51FBC251F5CBCF2001214B6 /* LIST_OilRemediesViewController.m in Sources */,
				A51FBC261F5CBCF2001214B6 /* OilRemedies.m in Sources */,
				A51FBC271F5CBCF2001214B6 /* VIEW_RemedyViewController.m in Sources */,
				A51FBC281F5CBCF2001214B6 /* FormFunctions.m in Sources */,
				A51FBC291F5CBCF2001214B6 /* MainStartViewController.m in Sources */,
				A51FBC2A1F5CBCF2001214B6 /* SearchDatabase.m in Sources */,
				A51FBC2B1F5CBCF2001214B6 /* OilLists.m in Sources */,
				A51FBC2C1F5CBCF2001214B6 /* BurnSoftDatabase.m in Sources */,
				A51FBC2D1F5CBCF2001214B6 /* SearchViewController.m in Sources */,
				A51FBC2E1F5CBCF2001214B6 /* AppDelegate.m in Sources */,
				A51FBC2F1F5CBCF2001214B6 /* MYSettings.m in Sources */,
				A51FBC301F5CBCF2001214B6 /* PopUpOilViewController.m in Sources */,
				A51FBC311F5CBCF2001214B6 /* Parser.m in Sources */,
				A56787D82127A379008168C2 /* List_ReOrderTableViewController.m in Sources */,
				A51FBC321F5CBCF2001214B6 /* DBUpgrade.m in Sources */,
				A51FBC331F5CBCF2001214B6 /* SettingsViewController.m in Sources */,
				A51FBC341F5CBCF2001214B6 /* main.m in Sources */,
				A51FBC351F5CBCF2001214B6 /* ActionClass.m in Sources */,
				A51FBC361F5CBCF2001214B6 /* AirDropHandler.m in Sources */,
				A51FBC371F5CBCF2001214B6 /* DatabaseManagement.m in Sources */,
				A51FBC381F5CBCF2001214B6 /* VIEW_OilDetailsViewController.m in Sources */,
				A51FBC391F5CBCF2001214B6 /* EDIT_RemedyViewController.m in Sources */,
				A51FBC3B1F5CBCF2001214B6 /* Add_RemedyViewController.m in Sources */,
				A51FBC3C1F5CBCF2001214B6 /* PopUpOilSearchViewController.m in Sources */,
				A51FBC3D1F5CBCF2001214B6 /* BurnSoftGeneral.m in Sources */,
				A51FBC3E1F5CBCF2001214B6 /* ADD_OilDetailsViewController.m in Sources */,
				A51FBC3F1F5CBCF2001214B6 /* BurnSoftMath.m in Sources */,
				A51FBC401F5CBCF2001214B6 /* SearchResultsViewController.m in Sources */,
				A51FBC411F5CBCF2001214B6 /* LIST_OilsTableViewController.m in Sources */,
			);
			runOnlyForDeploymentPostprocessing = 0;
		};
/* End PBXSourcesBuildPhase section */

/* Begin PBXVariantGroup section */
		A505B0451D09A76900800310 /* LaunchScreen.storyboard */ = {
			isa = PBXVariantGroup;
			children = (
				A505B0461D09A76900800310 /* Base */,
			);
			name = LaunchScreen.storyboard;
			sourceTree = "<group>";
		};
/* End PBXVariantGroup section */

/* Begin XCBuildConfiguration section */
		A505B05F1D09A76900800310 /* Debug */ = {
			isa = XCBuildConfiguration;
			buildSettings = {
				ALWAYS_SEARCH_USER_PATHS = NO;
				CLANG_ANALYZER_LOCALIZABILITY_NONLOCALIZED = YES;
				CLANG_ANALYZER_NONNULL = YES;
				CLANG_CXX_LANGUAGE_STANDARD = "gnu++0x";
				CLANG_CXX_LIBRARY = "libc++";
				CLANG_ENABLE_MODULES = YES;
				CLANG_ENABLE_OBJC_ARC = YES;
				CLANG_WARN_BLOCK_CAPTURE_AUTORELEASING = YES;
				CLANG_WARN_BOOL_CONVERSION = YES;
				CLANG_WARN_COMMA = YES;
				CLANG_WARN_CONSTANT_CONVERSION = YES;
				CLANG_WARN_DEPRECATED_OBJC_IMPLEMENTATIONS = YES;
				CLANG_WARN_DIRECT_OBJC_ISA_USAGE = YES_ERROR;
				CLANG_WARN_EMPTY_BODY = YES;
				CLANG_WARN_ENUM_CONVERSION = YES;
				CLANG_WARN_INFINITE_RECURSION = YES;
				CLANG_WARN_INT_CONVERSION = YES;
				CLANG_WARN_NON_LITERAL_NULL_CONVERSION = YES;
				CLANG_WARN_OBJC_IMPLICIT_RETAIN_SELF = YES;
				CLANG_WARN_OBJC_LITERAL_CONVERSION = YES;
				CLANG_WARN_OBJC_ROOT_CLASS = YES_ERROR;
				CLANG_WARN_RANGE_LOOP_ANALYSIS = YES;
				CLANG_WARN_STRICT_PROTOTYPES = YES;
				CLANG_WARN_SUSPICIOUS_MOVE = YES;
				CLANG_WARN_UNREACHABLE_CODE = YES;
				CLANG_WARN__DUPLICATE_METHOD_MATCH = YES;
				CODE_SIGN_IDENTITY = "iPhone Developer";
				"CODE_SIGN_IDENTITY[sdk=iphoneos*]" = "iPhone Developer";
				COPY_PHASE_STRIP = NO;
				DEBUG_INFORMATION_FORMAT = dwarf;
				ENABLE_STRICT_OBJC_MSGSEND = YES;
				ENABLE_TESTABILITY = YES;
				GCC_C_LANGUAGE_STANDARD = gnu99;
				GCC_DYNAMIC_NO_PIC = NO;
				GCC_NO_COMMON_BLOCKS = YES;
				GCC_OPTIMIZATION_LEVEL = 0;
				GCC_PREPROCESSOR_DEFINITIONS = (
					"DEBUG=1",
					"$(inherited)",
				);
				GCC_WARN_64_TO_32_BIT_CONVERSION = YES;
				GCC_WARN_ABOUT_RETURN_TYPE = YES_ERROR;
				GCC_WARN_UNDECLARED_SELECTOR = YES;
				GCC_WARN_UNINITIALIZED_AUTOS = YES_AGGRESSIVE;
				GCC_WARN_UNUSED_FUNCTION = YES;
				GCC_WARN_UNUSED_VARIABLE = YES;
				IPHONEOS_DEPLOYMENT_TARGET = 9.3;
				MTL_ENABLE_DEBUG_INFO = YES;
				ONLY_ACTIVE_ARCH = YES;
				SDKROOT = iphoneos;
			};
			name = Debug;
		};
		A505B0601D09A76900800310 /* Release */ = {
			isa = XCBuildConfiguration;
			buildSettings = {
				ALWAYS_SEARCH_USER_PATHS = NO;
				CLANG_ANALYZER_LOCALIZABILITY_NONLOCALIZED = YES;
				CLANG_ANALYZER_NONNULL = YES;
				CLANG_CXX_LANGUAGE_STANDARD = "gnu++0x";
				CLANG_CXX_LIBRARY = "libc++";
				CLANG_ENABLE_MODULES = YES;
				CLANG_ENABLE_OBJC_ARC = YES;
				CLANG_WARN_BLOCK_CAPTURE_AUTORELEASING = YES;
				CLANG_WARN_BOOL_CONVERSION = YES;
				CLANG_WARN_COMMA = YES;
				CLANG_WARN_CONSTANT_CONVERSION = YES;
				CLANG_WARN_DEPRECATED_OBJC_IMPLEMENTATIONS = YES;
				CLANG_WARN_DIRECT_OBJC_ISA_USAGE = YES_ERROR;
				CLANG_WARN_EMPTY_BODY = YES;
				CLANG_WARN_ENUM_CONVERSION = YES;
				CLANG_WARN_INFINITE_RECURSION = YES;
				CLANG_WARN_INT_CONVERSION = YES;
				CLANG_WARN_NON_LITERAL_NULL_CONVERSION = YES;
				CLANG_WARN_OBJC_IMPLICIT_RETAIN_SELF = YES;
				CLANG_WARN_OBJC_LITERAL_CONVERSION = YES;
				CLANG_WARN_OBJC_ROOT_CLASS = YES_ERROR;
				CLANG_WARN_RANGE_LOOP_ANALYSIS = YES;
				CLANG_WARN_STRICT_PROTOTYPES = YES;
				CLANG_WARN_SUSPICIOUS_MOVE = YES;
				CLANG_WARN_UNREACHABLE_CODE = YES;
				CLANG_WARN__DUPLICATE_METHOD_MATCH = YES;
				CODE_SIGN_IDENTITY = "iPhone Developer";
				"CODE_SIGN_IDENTITY[sdk=iphoneos*]" = "iPhone Developer";
				COPY_PHASE_STRIP = NO;
				DEBUG_INFORMATION_FORMAT = dwarf;
				ENABLE_NS_ASSERTIONS = NO;
				ENABLE_STRICT_OBJC_MSGSEND = YES;
				GCC_C_LANGUAGE_STANDARD = gnu99;
				GCC_NO_COMMON_BLOCKS = YES;
				GCC_WARN_64_TO_32_BIT_CONVERSION = YES;
				GCC_WARN_ABOUT_RETURN_TYPE = YES_ERROR;
				GCC_WARN_UNDECLARED_SELECTOR = YES;
				GCC_WARN_UNINITIALIZED_AUTOS = YES_AGGRESSIVE;
				GCC_WARN_UNUSED_FUNCTION = YES;
				GCC_WARN_UNUSED_VARIABLE = YES;
				IPHONEOS_DEPLOYMENT_TARGET = 9.3;
				MTL_ENABLE_DEBUG_INFO = NO;
				ONLY_ACTIVE_ARCH = YES;
				SDKROOT = iphoneos;
				VALIDATE_PRODUCT = YES;
			};
			name = Release;
		};
		A505B0621D09A76900800310 /* Debug */ = {
			isa = XCBuildConfiguration;
			buildSettings = {
				ASSETCATALOG_COMPILER_APPICON_NAME = Universal;
				CODE_SIGN_ENTITLEMENTS = "My Essential Oil Remedies.entitlements";
				CODE_SIGN_IDENTITY = "iPhone Developer";
				CURRENT_PROJECT_VERSION = 7;
				DEVELOPMENT_TEAM = MF94VYSKL4;
				INFOPLIST_FILE = MyEssentialOilRemedies/Info.plist;
				IPHONEOS_DEPLOYMENT_TARGET = 10.0;
				LD_RUNPATH_SEARCH_PATHS = "$(inherited) @executable_path/Frameworks";
				LIBRARY_SEARCH_PATHS = (
					"$(inherited)",
					"$(PROJECT_DIR)/MyEssentialOilRemedies",
				);
				PRODUCT_BUNDLE_IDENTIFIER = net.burnsoft.MyEssentialOilRemedies;
				PRODUCT_NAME = "$(TARGET_NAME)";
				TARGETED_DEVICE_FAMILY = "1,2";
			};
			name = Debug;
		};
		A505B0631D09A76900800310 /* Release */ = {
			isa = XCBuildConfiguration;
			buildSettings = {
				ASSETCATALOG_COMPILER_APPICON_NAME = Universal;
				CODE_SIGN_ENTITLEMENTS = "My Essential Oil Remedies.entitlements";
				CODE_SIGN_IDENTITY = "iPhone Developer";
				CURRENT_PROJECT_VERSION = 7;
				DEBUG_INFORMATION_FORMAT = dwarf;
				DEVELOPMENT_TEAM = MF94VYSKL4;
				INFOPLIST_FILE = MyEssentialOilRemedies/Info.plist;
				IPHONEOS_DEPLOYMENT_TARGET = 10.0;
				LD_RUNPATH_SEARCH_PATHS = "$(inherited) @executable_path/Frameworks";
				LIBRARY_SEARCH_PATHS = (
					"$(inherited)",
					"$(PROJECT_DIR)/MyEssentialOilRemedies",
				);
				PRODUCT_BUNDLE_IDENTIFIER = net.burnsoft.MyEssentialOilRemedies;
				PRODUCT_NAME = "$(TARGET_NAME)";
				TARGETED_DEVICE_FAMILY = "1,2";
			};
			name = Release;
		};
		A51FBC751F5CBCF2001214B6 /* Debug */ = {
			isa = XCBuildConfiguration;
			buildSettings = {
				ASSETCATALOG_COMPILER_APPICON_NAME = UniversalLite;
				CODE_SIGN_ENTITLEMENTS = "My Essential Oil Remedies.entitlements";
				CODE_SIGN_IDENTITY = "iPhone Developer";
				DEVELOPMENT_TEAM = MF94VYSKL4;
				INFOPLIST_FILE = "My Essential Oil Remedies Lite.plist";
				IPHONEOS_DEPLOYMENT_TARGET = 10.0;
				LD_RUNPATH_SEARCH_PATHS = "$(inherited) @executable_path/Frameworks";
				LIBRARY_SEARCH_PATHS = (
					"$(inherited)",
					"$(PROJECT_DIR)/MyEssentialOilRemedies",
				);
				PRODUCT_BUNDLE_IDENTIFIER = net.burnsoft.MyEssentialOilRemediesLite;
				PRODUCT_NAME = "$(TARGET_NAME)";
				TARGETED_DEVICE_FAMILY = "1,2";
			};
			name = Debug;
		};
		A51FBC761F5CBCF2001214B6 /* Release */ = {
			isa = XCBuildConfiguration;
			buildSettings = {
				ASSETCATALOG_COMPILER_APPICON_NAME = UniversalLite;
				CODE_SIGN_ENTITLEMENTS = "My Essential Oil Remedies.entitlements";
				CODE_SIGN_IDENTITY = "iPhone Developer";
				DEBUG_INFORMATION_FORMAT = dwarf;
				DEVELOPMENT_TEAM = MF94VYSKL4;
				INFOPLIST_FILE = "My Essential Oil Remedies Lite.plist";
				IPHONEOS_DEPLOYMENT_TARGET = 10.0;
				LD_RUNPATH_SEARCH_PATHS = "$(inherited) @executable_path/Frameworks";
				LIBRARY_SEARCH_PATHS = (
					"$(inherited)",
					"$(PROJECT_DIR)/MyEssentialOilRemedies",
				);
				PRODUCT_BUNDLE_IDENTIFIER = net.burnsoft.MyEssentialOilRemediesLite;
				PRODUCT_NAME = "$(TARGET_NAME)";
				TARGETED_DEVICE_FAMILY = "1,2";
			};
			name = Release;
		};
/* End XCBuildConfiguration section */

/* Begin XCConfigurationList section */
		A505B02C1D09A76900800310 /* Build configuration list for PBXProject "MyEssentialOilRemedies" */ = {
			isa = XCConfigurationList;
			buildConfigurations = (
				A505B05F1D09A76900800310 /* Debug */,
				A505B0601D09A76900800310 /* Release */,
			);
			defaultConfigurationIsVisible = 0;
			defaultConfigurationName = Release;
		};
		A505B0611D09A76900800310 /* Build configuration list for PBXNativeTarget "My Essential Oil Remedies" */ = {
			isa = XCConfigurationList;
			buildConfigurations = (
				A505B0621D09A76900800310 /* Debug */,
				A505B0631D09A76900800310 /* Release */,
			);
			defaultConfigurationIsVisible = 0;
			defaultConfigurationName = Release;
		};
		A51FBC741F5CBCF2001214B6 /* Build configuration list for PBXNativeTarget "My Essential Oil Remedies Lite" */ = {
			isa = XCConfigurationList;
			buildConfigurations = (
				A51FBC751F5CBCF2001214B6 /* Debug */,
				A51FBC761F5CBCF2001214B6 /* Release */,
			);
			defaultConfigurationIsVisible = 0;
			defaultConfigurationName = Release;
		};
/* End XCConfigurationList section */
	};
	rootObject = A505B0291D09A76900800310 /* Project object */;
}
